{
  "version": 4,
  "terraform_version": "1.6.0",
  "serial": 77,
  "lineage": "548e7bfd-b663-1ac0-9928-1eb02b9217ec",
  "outputs": {
    "alb_dns_name": {
      "value": "cost-reporter-alb-1432920593.us-east-1.elb.amazonaws.com",
      "type": "string"
    },
    "alb_zone_id": {
      "value": "Z35SXDOTRQ7X7K",
      "type": "string"
    },
    "cloudwatch_log_groups": {
      "value": {
        "api-service": "/ecs/cost-reporter/api-service",
        "data-collector": "/ecs/cost-reporter/data-collector",
        "report-generator": "/ecs/cost-reporter/report-generator"
      },
      "type": [
        "object",
        {
          "api-service": "string",
          "data-collector": "string",
          "report-generator": "string"
        }
      ]
    },
    "domain_name": {
      "value": "costcollector.selectsolucoes.com",
      "type": "string"
    },
    "dynamodb_table_name": {
      "value": "cost-reporter-cost-data",
      "type": "string"
    },
    "ecr_repositories": {
      "value": {
        "api_service": "727706432228.dkr.ecr.us-east-1.amazonaws.com/cost-reporter/api-service",
        "data_collector": "727706432228.dkr.ecr.us-east-1.amazonaws.com/cost-reporter/data-collector",
        "report_generator": "727706432228.dkr.ecr.us-east-1.amazonaws.com/cost-reporter/report-generator"
      },
      "type": [
        "object",
        {
          "api_service": "string",
          "data_collector": "string",
          "report_generator": "string"
        }
      ]
    },
    "ecs_cluster_id": {
      "value": "arn:aws:ecs:us-east-1:727706432228:cluster/cost-reporter-cluster",
      "type": "string"
    },
    "ecs_cluster_name": {
      "value": "cost-reporter-cluster",
      "type": "string"
    },
    "existing_lambda_function": {
      "value": "chatbot-auth (preserved)",
      "type": "string"
    },
    "existing_rds_endpoint": {
      "value": "glpi-database-instance-1.cnhjpcs7r4ar.us-east-1.rds.amazonaws.com:3306",
      "type": "string"
    },
    "existing_vpc_cidr": {
      "value": "172.30.0.0/16",
      "type": "string"
    },
    "existing_vpc_id": {
      "value": "vpc-04c0a089dd691442c",
      "type": "string"
    },
    "integration_notes": {
      "value": {
        "lambda_preserved": "Existing Lambda functions are preserved",
        "rds_shared": "Using existing RDS glpi-database-instance-1.cnhjpcs7r4ar.us-east-1.rds.amazonaws.com:3306",
        "security_groups": "New security groups created with rules to communicate with existing resources",
        "vpc_shared": "Using existing VPC vpc-04c0a089dd691442c (workflow VPC)"
      },
      "type": [
        "object",
        {
          "lambda_preserved": "string",
          "rds_shared": "string",
          "security_groups": "string",
          "vpc_shared": "string"
        }
      ]
    },
    "private_subnet_ids": {
      "value": [
        "subnet-036956352299e0d46",
        "subnet-071069cdff1baacfc"
      ],
      "type": [
        "tuple",
        [
          "string",
          "string"
        ]
      ]
    },
    "public_subnet_ids": {
      "value": [
        "subnet-0ff23bc6cbd7e239a",
        "subnet-023129cfb538b2246"
      ],
      "type": [
        "tuple",
        [
          "string",
          "string"
        ]
      ]
    },
    "s3_frontend_bucket": {
      "value": "cost-reporter-frontend-5phlwom2",
      "type": "string"
    },
    "s3_reports_bucket": {
      "value": "cost-reporter-reports-5phlwom2",
      "type": "string"
    },
    "secrets_manager_secret_arn": {
      "value": "arn:aws:secretsmanager:us-east-1:727706432228:secret:cost-reporter-db-credentials-ELEopR",
      "type": "string"
    },
    "sns_topic_arn": {
      "value": "arn:aws:sns:us-east-1:727706432228:cost-reporter-alerts",
      "type": "string"
    }
  },
  "resources": [
    {
      "mode": "data",
      "type": "aws_caller_identity",
      "name": "current",
      "provider": "provider[\"registry.terraform.io/hashicorp/aws\"]",
      "instances": [
        {
          "schema_version": 0,
          "attributes": {
            "account_id": "727706432228",
            "arn": "arn:aws:iam::727706432228:user/henrique.piloto",
            "id": "727706432228",
            "user_id": "AIDA2S3VO6LSPF4CRVXXH"
          },
          "sensitive_attributes": []
        }
      ]
    },
    {
      "mode": "data",
      "type": "aws_db_instance",
      "name": "existing",
      "provider": "provider[\"registry.terraform.io/hashicorp/aws\"]",
      "instances": [
        {
          "schema_version": 0,
          "attributes": {
            "address": "glpi-database-instance-1.cnhjpcs7r4ar.us-east-1.rds.amazonaws.com",
            "allocated_storage": 1,
            "auto_minor_version_upgrade": true,
            "availability_zone": "us-east-1f",
            "backup_retention_period": 1,
            "ca_cert_identifier": "rds-ca-rsa2048-g1",
            "database_insights_mode": "standard",
            "db_cluster_identifier": "glpi-database",
            "db_instance_arn": "arn:aws:rds:us-east-1:727706432228:db:glpi-database-instance-1",
            "db_instance_class": "db.t4g.medium",
            "db_instance_identifier": "glpi-database-instance-1",
            "db_instance_port": 0,
            "db_name": "",
            "db_parameter_groups": [
              "default.aurora-mysql8.0"
            ],
            "db_subnet_group": "default-vpc-04c0a089dd691442c",
            "enabled_cloudwatch_logs_exports": [],
            "endpoint": "glpi-database-instance-1.cnhjpcs7r4ar.us-east-1.rds.amazonaws.com:3306",
            "engine": "aurora-mysql",
            "engine_version": "8.0.mysql_aurora.3.08.2",
            "hosted_zone_id": "Z2R2ITUGPM61AM",
            "id": "glpi-database-instance-1",
            "iops": 0,
            "kms_key_id": "arn:aws:kms:us-east-1:727706432228:key/2d2d2b19-647a-43fe-bf71-096bf74add8c",
            "license_model": "general-public-license",
            "master_user_secret": null,
            "master_username": "select_admin",
            "max_allocated_storage": 0,
            "monitoring_interval": 60,
            "monitoring_role_arn": "arn:aws:iam::727706432228:role/rds-monitoring-role",
            "multi_az": false,
            "network_type": "IPV4",
            "option_group_memberships": [
              "default:aurora-mysql-8-0"
            ],
            "port": 3306,
            "preferred_backup_window": "09:17-09:47",
            "preferred_maintenance_window": "sun:08:57-sun:09:27",
            "publicly_accessible": false,
            "replicate_source_db": "",
            "resource_id": "db-3CN3BFCW6PKQKSCDXFDUMAXK2I",
            "storage_encrypted": true,
            "storage_throughput": 0,
            "storage_type": "aurora",
            "tags": {
              "Name": "glpi-database-instance-1",
              "Owner": "Operacoes"
            },
            "timezone": "",
            "vpc_security_groups": [
              "sg-0f9080f42c167d95f",
              "sg-0df74898d34cbea3d"
            ]
          },
          "sensitive_attributes": []
        }
      ]
    },
    {
      "mode": "data",
      "type": "aws_region",
      "name": "current",
      "provider": "provider[\"registry.terraform.io/hashicorp/aws\"]",
      "instances": [
        {
          "schema_version": 0,
          "attributes": {
            "description": "US East (N. Virginia)",
            "endpoint": "ec2.us-east-1.amazonaws.com",
            "id": "us-east-1",
            "name": "us-east-1"
          },
          "sensitive_attributes": []
        }
      ]
    },
    {
      "mode": "data",
      "type": "aws_route53_zone",
      "name": "existing",
      "provider": "provider[\"registry.terraform.io/hashicorp/aws\"]",
      "instances": [
        {
          "schema_version": 0,
          "attributes": {
            "arn": "arn:aws:route53:::hostedzone/Z0670904HIXZW1U0SHJQ",
            "caller_reference": "749de2b1-5ec8-4a80-b843-82cbb5a2ab8d",
            "comment": "Domínio selectsolucoes.com",
            "id": "Z0670904HIXZW1U0SHJQ",
            "linked_service_description": null,
            "linked_service_principal": null,
            "name": "selectsolucoes.com",
            "name_servers": [
              "ns-376.awsdns-47.com",
              "ns-1278.awsdns-31.org",
              "ns-672.awsdns-20.net",
              "ns-1771.awsdns-29.co.uk"
            ],
            "primary_name_server": "ns-376.awsdns-47.com",
            "private_zone": false,
            "resource_record_set_count": 58,
            "tags": {},
            "vpc_id": null,
            "zone_id": "Z0670904HIXZW1U0SHJQ"
          },
          "sensitive_attributes": []
        }
      ]
    },
    {
      "mode": "data",
      "type": "aws_security_group",
      "name": "existing_lambda_sg",
      "provider": "provider[\"registry.terraform.io/hashicorp/aws\"]",
      "instances": [
        {
          "schema_version": 0,
          "attributes": {
            "arn": "arn:aws:ec2:us-east-1:727706432228:security-group/sg-0df74898d34cbea3d",
            "description": "Created by RDS management console",
            "filter": null,
            "id": "sg-0df74898d34cbea3d",
            "name": "workflow-rds",
            "tags": {},
            "timeouts": null,
            "vpc_id": "vpc-04c0a089dd691442c"
          },
          "sensitive_attributes": []
        }
      ]
    },
    {
      "mode": "data",
      "type": "aws_subnet",
      "name": "existing_subnets",
      "provider": "provider[\"registry.terraform.io/hashicorp/aws\"]",
      "instances": [
        {
          "index_key": 0,
          "schema_version": 0,
          "attributes": {
            "arn": "arn:aws:ec2:us-east-1:727706432228:subnet/subnet-023bbd01ab0de7c4d",
            "assign_ipv6_address_on_creation": false,
            "availability_zone": "us-east-1f",
            "availability_zone_id": "use1-az5",
            "available_ip_address_count": 123,
            "cidr_block": "172.30.48.0/25",
            "customer_owned_ipv4_pool": "",
            "default_for_az": false,
            "enable_dns64": false,
            "enable_lni_at_device_index": 0,
            "enable_resource_name_dns_a_record_on_launch": false,
            "enable_resource_name_dns_aaaa_record_on_launch": false,
            "filter": null,
            "id": "subnet-023bbd01ab0de7c4d",
            "ipv6_cidr_block": "",
            "ipv6_cidr_block_association_id": "",
            "ipv6_native": false,
            "map_customer_owned_ip_on_launch": false,
            "map_public_ip_on_launch": false,
            "outpost_arn": "",
            "owner_id": "727706432228",
            "private_dns_hostname_type_on_launch": "ip-name",
            "state": "available",
            "tags": {
              "Name": "RDS-Pvt-subnet-1"
            },
            "timeouts": null,
            "vpc_id": "vpc-04c0a089dd691442c"
          },
          "sensitive_attributes": []
        },
        {
          "index_key": 1,
          "schema_version": 0,
          "attributes": {
            "arn": "arn:aws:ec2:us-east-1:727706432228:subnet/subnet-025381c28d67cb818",
            "assign_ipv6_address_on_creation": false,
            "availability_zone": "us-east-1f",
            "availability_zone_id": "use1-az5",
            "available_ip_address_count": 2034,
            "cidr_block": "172.30.168.0/21",
            "customer_owned_ipv4_pool": "",
            "default_for_az": false,
            "enable_dns64": false,
            "enable_lni_at_device_index": 0,
            "enable_resource_name_dns_a_record_on_launch": false,
            "enable_resource_name_dns_aaaa_record_on_launch": false,
            "filter": null,
            "id": "subnet-025381c28d67cb818",
            "ipv6_cidr_block": "",
            "ipv6_cidr_block_association_id": "",
            "ipv6_native": false,
            "map_customer_owned_ip_on_launch": false,
            "map_public_ip_on_launch": true,
            "outpost_arn": "",
            "owner_id": "727706432228",
            "private_dns_hostname_type_on_launch": "ip-name",
            "state": "available",
            "tags": {
              "Name": "workflow-public-us-east-1f",
              "PROJETO_GET_START": "workflow",
              "nocodetf_customer_id": "acc_F11LW0kJZMCfqKuA2Swlc8YKpRgDtPcsScL1Rgv3",
              "nocodetf_managed": "true",
              "nocodetf_project_id": "prj_wGx0ccK71NByuMxgHxo00b1lSYxNappoB8Srk3O3",
              "nocodetf_project_name": "workflow"
            },
            "timeouts": null,
            "vpc_id": "vpc-04c0a089dd691442c"
          },
          "sensitive_attributes": []
        }
      ]
    },
    {
      "mode": "data",
      "type": "aws_subnets",
      "name": "all_subnets",
      "provider": "provider[\"registry.terraform.io/hashicorp/aws\"]",
      "instances": [
        {
          "schema_version": 0,
          "attributes": {
            "filter": [
              {
                "name": "vpc-id",
                "values": [
                  "vpc-04c0a089dd691442c"
                ]
              }
            ],
            "id": "us-east-1",
            "ids": [
              "subnet-023bbd01ab0de7c4d",
              "subnet-025381c28d67cb818",
              "subnet-023129cfb538b2246",
              "subnet-00032d8ec1ec72131",
              "subnet-0dcdf060ff1af947e",
              "subnet-0ad1e4648eb04d987",
              "subnet-03998f683c96f58ad",
              "subnet-0b58b82b5fa8bd6df",
              "subnet-036956352299e0d46",
              "subnet-0b582bb30ebee7fa2",
              "subnet-0808bfd4a5d4eb488",
              "subnet-0ad1eaf28cbc2283d",
              "subnet-071069cdff1baacfc",
              "subnet-06e54c70a2794b2da",
              "subnet-0845dfe7d39b57f2c",
              "subnet-0f5e213d451667b99",
              "subnet-0ff23bc6cbd7e239a"
            ],
            "tags": null,
            "timeouts": null
          },
          "sensitive_attributes": []
        }
      ]
    },
    {
      "mode": "data",
      "type": "aws_subnets",
      "name": "existing_private",
      "provider": "provider[\"registry.terraform.io/hashicorp/aws\"]",
      "instances": [
        {
          "schema_version": 0,
          "attributes": {
            "filter": [
              {
                "name": "tag:Type",
                "values": [
                  "private"
                ]
              },
              {
                "name": "vpc-id",
                "values": [
                  "vpc-04c0a089dd691442c"
                ]
              }
            ],
            "id": "us-east-1",
            "ids": [],
            "tags": null,
            "timeouts": null
          },
          "sensitive_attributes": []
        }
      ]
    },
    {
      "mode": "data",
      "type": "aws_subnets",
      "name": "existing_public",
      "provider": "provider[\"registry.terraform.io/hashicorp/aws\"]",
      "instances": [
        {
          "schema_version": 0,
          "attributes": {
            "filter": [
              {
                "name": "tag:Type",
                "values": [
                  "public"
                ]
              },
              {
                "name": "vpc-id",
                "values": [
                  "vpc-04c0a089dd691442c"
                ]
              }
            ],
            "id": "us-east-1",
            "ids": [],
            "tags": null,
            "timeouts": null
          },
          "sensitive_attributes": []
        }
      ]
    },
    {
      "mode": "data",
      "type": "aws_vpc",
      "name": "existing",
      "provider": "provider[\"registry.terraform.io/hashicorp/aws\"]",
      "instances": [
        {
          "schema_version": 0,
          "attributes": {
            "arn": "arn:aws:ec2:us-east-1:727706432228:vpc/vpc-04c0a089dd691442c",
            "cidr_block": "172.30.0.0/16",
            "cidr_block_associations": [
              {
                "association_id": "vpc-cidr-assoc-0386510e517e6ad04",
                "cidr_block": "172.30.0.0/16",
                "state": "associated"
              }
            ],
            "default": false,
            "dhcp_options_id": "dopt-94f283f1",
            "enable_dns_hostnames": true,
            "enable_dns_support": true,
            "enable_network_address_usage_metrics": false,
            "filter": null,
            "id": "vpc-04c0a089dd691442c",
            "instance_tenancy": "default",
            "ipv6_association_id": "",
            "ipv6_cidr_block": "",
            "main_route_table_id": "rtb-0cf13aaf384eecb84",
            "owner_id": "727706432228",
            "state": null,
            "tags": {
              "Name": "workflow",
              "PROJETO_GET_START": "workflow",
              "nocodetf_customer_id": "acc_F11LW0kJZMCfqKuA2Swlc8YKpRgDtPcsScL1Rgv3",
              "nocodetf_managed": "true",
              "nocodetf_project_id": "prj_wGx0ccK71NByuMxgHxo00b1lSYxNappoB8Srk3O3",
              "nocodetf_project_name": "workflow"
            },
            "timeouts": null
          },
          "sensitive_attributes": []
        }
      ]
    },
    {
      "mode": "managed",
      "type": "aws_acm_certificate",
      "name": "main",
      "provider": "provider[\"registry.terraform.io/hashicorp/aws\"]",
      "instances": [
        {
          "schema_version": 0,
          "attributes": {
            "arn": "arn:aws:acm:us-east-1:727706432228:certificate/6d7c94c2-b1a8-47b9-a1c8-82a8d46024fe",
            "certificate_authority_arn": "",
            "certificate_body": null,
            "certificate_chain": null,
            "domain_name": "costcollector.selectsolucoes.com",
            "domain_validation_options": [
              {
                "domain_name": "costcollector.selectsolucoes.com",
                "resource_record_name": "_c54d0846582282aa5850d73f81e8d98d.costcollector.selectsolucoes.com.",
                "resource_record_type": "CNAME",
                "resource_record_value": "_6f0912573c10b5511d06f0012fe59b17.xlfgrmvvlj.acm-validations.aws."
              }
            ],
            "early_renewal_duration": "",
            "id": "arn:aws:acm:us-east-1:727706432228:certificate/6d7c94c2-b1a8-47b9-a1c8-82a8d46024fe",
            "key_algorithm": "RSA_2048",
            "not_after": "",
            "not_before": "",
            "options": [
              {
                "certificate_transparency_logging_preference": "ENABLED"
              }
            ],
            "pending_renewal": false,
            "private_key": null,
            "renewal_eligibility": "INELIGIBLE",
            "renewal_summary": [],
            "status": "PENDING_VALIDATION",
            "subject_alternative_names": [
              "costcollector.selectsolucoes.com"
            ],
            "tags": {
              "Environment": "prod",
              "ManagedBy": "terraform",
              "Project": "cost-reporter",
              "Repository": "aws-cost-budget-reporterv2"
            },
            "tags_all": {
              "Environment": "prod",
              "ManagedBy": "terraform",
              "Project": "cost-reporter",
              "Repository": "aws-cost-budget-reporterv2"
            },
            "type": "AMAZON_ISSUED",
            "validation_emails": [],
            "validation_method": "DNS",
            "validation_option": []
          },
          "sensitive_attributes": [],
          "private": "bnVsbA==",
          "create_before_destroy": true
        }
      ]
    },
    {
      "mode": "managed",
      "type": "aws_acm_certificate_validation",
      "name": "main",
      "provider": "provider[\"registry.terraform.io/hashicorp/aws\"]",
      "instances": [
        {
          "schema_version": 0,
          "attributes": {
            "certificate_arn": "arn:aws:acm:us-east-1:727706432228:certificate/6d7c94c2-b1a8-47b9-a1c8-82a8d46024fe",
            "id": "2025-09-26 16:34:39.835 +0000 UTC",
            "timeouts": null,
            "validation_record_fqdns": [
              "_c54d0846582282aa5850d73f81e8d98d.costcollector.selectsolucoes.com"
            ]
          },
          "sensitive_attributes": [],
          "private": "eyJlMmJmYjczMC1lY2FhLTExZTYtOGY4OC0zNDM2M2JjN2M0YzAiOnsiY3JlYXRlIjo0NTAwMDAwMDAwMDAwfX0=",
          "dependencies": [
            "aws_acm_certificate.main",
            "aws_route53_record.cert_validation",
            "data.aws_route53_zone.existing"
          ]
        }
      ]
    },
    {
      "mode": "managed",
      "type": "aws_appautoscaling_policy",
      "name": "api_service_cpu",
      "provider": "provider[\"registry.terraform.io/hashicorp/aws\"]",
      "instances": [
        {
          "schema_version": 0,
          "attributes": {
            "alarm_arns": [
              "arn:aws:cloudwatch:us-east-1:727706432228:alarm:TargetTracking-service/cost-reporter-cluster/cost-reporter-api-service-AlarmHigh-d96058ba-8430-4c06-923d-eb5341c9d9ac",
              "arn:aws:cloudwatch:us-east-1:727706432228:alarm:TargetTracking-service/cost-reporter-cluster/cost-reporter-api-service-AlarmLow-bdb8de51-669a-487d-89b7-8a368e888f2f"
            ],
            "arn": "arn:aws:autoscaling:us-east-1:727706432228:scalingPolicy:a7dc80fb-2d2d-4054-9443-6b5c906ed6a4:resource/ecs/service/cost-reporter-cluster/cost-reporter-api-service:policyName/cost-reporter-api-cpu-scaling",
            "id": "cost-reporter-api-cpu-scaling",
            "name": "cost-reporter-api-cpu-scaling",
            "policy_type": "TargetTrackingScaling",
            "resource_id": "service/cost-reporter-cluster/cost-reporter-api-service",
            "scalable_dimension": "ecs:service:DesiredCount",
            "service_namespace": "ecs",
            "step_scaling_policy_configuration": [],
            "target_tracking_scaling_policy_configuration": [
              {
                "customized_metric_specification": [],
                "disable_scale_in": false,
                "predefined_metric_specification": [
                  {
                    "predefined_metric_type": "ECSServiceAverageCPUUtilization",
                    "resource_label": ""
                  }
                ],
                "scale_in_cooldown": 0,
                "scale_out_cooldown": 0,
                "target_value": 70
              }
            ]
          },
          "sensitive_attributes": [],
          "private": "bnVsbA==",
          "dependencies": [
            "aws_acm_certificate.main",
            "aws_acm_certificate_validation.main",
            "aws_appautoscaling_target.api_service",
            "aws_cloudwatch_log_group.ecs",
            "aws_dynamodb_table.cost_data",
            "aws_ecs_cluster.main",
            "aws_ecs_service.api_service",
            "aws_ecs_task_definition.api_service",
            "aws_iam_role.ecs_task_execution_role",
            "aws_iam_role.ecs_task_role",
            "aws_lb.main",
            "aws_lb_listener.https",
            "aws_lb_target_group.api_service",
            "aws_route53_record.cert_validation",
            "aws_s3_bucket.reports",
            "aws_secretsmanager_secret.db_credentials",
            "aws_security_group.alb",
            "aws_security_group.ecs",
            "data.aws_caller_identity.current",
            "data.aws_route53_zone.existing",
            "data.aws_security_group.existing_lambda_sg",
            "data.aws_vpc.existing",
            "random_string.bucket_suffix"
          ]
        }
      ]
    },
    {
      "mode": "managed",
      "type": "aws_appautoscaling_target",
      "name": "api_service",
      "provider": "provider[\"registry.terraform.io/hashicorp/aws\"]",
      "instances": [
        {
          "schema_version": 0,
          "attributes": {
            "arn": "arn:aws:application-autoscaling:us-east-1:727706432228:scalable-target/0ec5a7dc80fb2d2d405494436b5c906ed6a4",
            "id": "service/cost-reporter-cluster/cost-reporter-api-service",
            "max_capacity": 10,
            "min_capacity": 2,
            "resource_id": "service/cost-reporter-cluster/cost-reporter-api-service",
            "role_arn": "arn:aws:iam::727706432228:role/aws-service-role/ecs.application-autoscaling.amazonaws.com/AWSServiceRoleForApplicationAutoScaling_ECSService",
            "scalable_dimension": "ecs:service:DesiredCount",
            "service_namespace": "ecs",
            "suspended_state": [
              {
                "dynamic_scaling_in_suspended": false,
                "dynamic_scaling_out_suspended": false,
                "scheduled_scaling_suspended": false
              }
            ],
            "tags": {},
            "tags_all": {}
          },
          "sensitive_attributes": [],
          "private": "bnVsbA==",
          "dependencies": [
            "aws_acm_certificate.main",
            "aws_acm_certificate_validation.main",
            "aws_cloudwatch_log_group.ecs",
            "aws_dynamodb_table.cost_data",
            "aws_ecs_cluster.main",
            "aws_ecs_service.api_service",
            "aws_ecs_task_definition.api_service",
            "aws_iam_role.ecs_task_execution_role",
            "aws_iam_role.ecs_task_role",
            "aws_lb.main",
            "aws_lb_listener.https",
            "aws_lb_target_group.api_service",
            "aws_route53_record.cert_validation",
            "aws_s3_bucket.reports",
            "aws_secretsmanager_secret.db_credentials",
            "aws_security_group.alb",
            "aws_security_group.ecs",
            "data.aws_caller_identity.current",
            "data.aws_route53_zone.existing",
            "data.aws_security_group.existing_lambda_sg",
            "data.aws_vpc.existing",
            "random_string.bucket_suffix"
          ]
        }
      ]
    },
    {
      "mode": "managed",
      "type": "aws_cloudwatch_event_rule",
      "name": "data_collector_schedule",
      "provider": "provider[\"registry.terraform.io/hashicorp/aws\"]",
      "instances": [
        {
          "schema_version": 1,
          "attributes": {
            "arn": "arn:aws:events:us-east-1:727706432228:rule/cost-reporter-data-collector-schedule",
            "description": "Trigger data collector daily",
            "event_bus_name": "default",
            "event_pattern": null,
            "force_destroy": false,
            "id": "cost-reporter-data-collector-schedule",
            "is_enabled": true,
            "name": "cost-reporter-data-collector-schedule",
            "name_prefix": "",
            "role_arn": "",
            "schedule_expression": "cron(0 6 * * ? *)",
            "state": "ENABLED",
            "tags": {
              "Environment": "prod",
              "ManagedBy": "terraform",
              "Project": "cost-reporter",
              "Repository": "aws-cost-budget-reporterv2"
            },
            "tags_all": {
              "Environment": "prod",
              "ManagedBy": "terraform",
              "Project": "cost-reporter",
              "Repository": "aws-cost-budget-reporterv2"
            }
          },
          "sensitive_attributes": [],
          "private": "eyJzY2hlbWFfdmVyc2lvbiI6IjEifQ=="
        }
      ]
    },
    {
      "mode": "managed",
      "type": "aws_cloudwatch_event_rule",
      "name": "report_generator_schedule",
      "provider": "provider[\"registry.terraform.io/hashicorp/aws\"]",
      "instances": [
        {
          "schema_version": 1,
          "attributes": {
            "arn": "arn:aws:events:us-east-1:727706432228:rule/cost-reporter-report-generator-schedule",
            "description": "Trigger report generator weekly",
            "event_bus_name": "default",
            "event_pattern": null,
            "force_destroy": false,
            "id": "cost-reporter-report-generator-schedule",
            "is_enabled": true,
            "name": "cost-reporter-report-generator-schedule",
            "name_prefix": "",
            "role_arn": "",
            "schedule_expression": "cron(0 8 ? * MON *)",
            "state": "ENABLED",
            "tags": {
              "Environment": "prod",
              "ManagedBy": "terraform",
              "Project": "cost-reporter",
              "Repository": "aws-cost-budget-reporterv2"
            },
            "tags_all": {
              "Environment": "prod",
              "ManagedBy": "terraform",
              "Project": "cost-reporter",
              "Repository": "aws-cost-budget-reporterv2"
            }
          },
          "sensitive_attributes": [],
          "private": "eyJzY2hlbWFfdmVyc2lvbiI6IjEifQ=="
        }
      ]
    },
    {
      "mode": "managed",
      "type": "aws_cloudwatch_event_target",
      "name": "data_collector",
      "provider": "provider[\"registry.terraform.io/hashicorp/aws\"]",
      "instances": [
        {
          "schema_version": 1,
          "attributes": {
            "appsync_target": [],
            "arn": "arn:aws:ecs:us-east-1:727706432228:cluster/cost-reporter-cluster",
            "batch_target": [],
            "dead_letter_config": [],
            "ecs_target": [
              {
                "capacity_provider_strategy": [],
                "enable_ecs_managed_tags": false,
                "enable_execute_command": false,
                "group": "",
                "launch_type": "FARGATE",
                "network_configuration": [
                  {
                    "assign_public_ip": false,
                    "security_groups": [
                      "sg-06e08a241009393f2"
                    ],
                    "subnets": [
                      "subnet-036956352299e0d46",
                      "subnet-071069cdff1baacfc"
                    ]
                  }
                ],
                "ordered_placement_strategy": [],
                "placement_constraint": [],
                "platform_version": "",
                "propagate_tags": "",
                "tags": {},
                "task_count": 1,
                "task_definition_arn": "arn:aws:ecs:us-east-1:727706432228:task-definition/cost-reporter-data-collector:1"
              }
            ],
            "event_bus_name": "default",
            "force_destroy": false,
            "http_target": [],
            "id": "cost-reporter-data-collector-schedule-DataCollectorTarget",
            "input": "",
            "input_path": "",
            "input_transformer": [],
            "kinesis_target": [],
            "redshift_target": [],
            "retry_policy": [],
            "role_arn": "arn:aws:iam::727706432228:role/cost-reporter-eventbridge-ecs-role",
            "rule": "cost-reporter-data-collector-schedule",
            "run_command_targets": [],
            "sagemaker_pipeline_target": [],
            "sqs_target": [],
            "target_id": "DataCollectorTarget"
          },
          "sensitive_attributes": [],
          "private": "eyJzY2hlbWFfdmVyc2lvbiI6IjEifQ==",
          "dependencies": [
            "aws_cloudwatch_event_rule.data_collector_schedule",
            "aws_cloudwatch_log_group.ecs",
            "aws_dynamodb_table.cost_data",
            "aws_ecs_cluster.main",
            "aws_ecs_task_definition.data_collector",
            "aws_iam_role.ecs_task_execution_role",
            "aws_iam_role.ecs_task_role",
            "aws_iam_role.eventbridge_ecs_role",
            "aws_s3_bucket.reports",
            "aws_secretsmanager_secret.db_credentials",
            "aws_security_group.alb",
            "aws_security_group.ecs",
            "data.aws_caller_identity.current",
            "data.aws_security_group.existing_lambda_sg",
            "data.aws_vpc.existing",
            "random_string.bucket_suffix"
          ]
        }
      ]
    },
    {
      "mode": "managed",
      "type": "aws_cloudwatch_event_target",
      "name": "report_generator",
      "provider": "provider[\"registry.terraform.io/hashicorp/aws\"]",
      "instances": [
        {
          "schema_version": 1,
          "attributes": {
            "appsync_target": [],
            "arn": "arn:aws:ecs:us-east-1:727706432228:cluster/cost-reporter-cluster",
            "batch_target": [],
            "dead_letter_config": [],
            "ecs_target": [
              {
                "capacity_provider_strategy": [],
                "enable_ecs_managed_tags": false,
                "enable_execute_command": false,
                "group": "",
                "launch_type": "FARGATE",
                "network_configuration": [
                  {
                    "assign_public_ip": false,
                    "security_groups": [
                      "sg-06e08a241009393f2"
                    ],
                    "subnets": [
                      "subnet-036956352299e0d46",
                      "subnet-071069cdff1baacfc"
                    ]
                  }
                ],
                "ordered_placement_strategy": [],
                "placement_constraint": [],
                "platform_version": "",
                "propagate_tags": "",
                "tags": {},
                "task_count": 1,
                "task_definition_arn": "arn:aws:ecs:us-east-1:727706432228:task-definition/cost-reporter-report-generator:1"
              }
            ],
            "event_bus_name": "default",
            "force_destroy": false,
            "http_target": [],
            "id": "cost-reporter-report-generator-schedule-ReportGeneratorTarget",
            "input": "",
            "input_path": "",
            "input_transformer": [],
            "kinesis_target": [],
            "redshift_target": [],
            "retry_policy": [],
            "role_arn": "arn:aws:iam::727706432228:role/cost-reporter-eventbridge-ecs-role",
            "rule": "cost-reporter-report-generator-schedule",
            "run_command_targets": [],
            "sagemaker_pipeline_target": [],
            "sqs_target": [],
            "target_id": "ReportGeneratorTarget"
          },
          "sensitive_attributes": [],
          "private": "eyJzY2hlbWFfdmVyc2lvbiI6IjEifQ==",
          "dependencies": [
            "aws_cloudwatch_event_rule.report_generator_schedule",
            "aws_cloudwatch_log_group.ecs",
            "aws_dynamodb_table.cost_data",
            "aws_ecs_cluster.main",
            "aws_ecs_task_definition.report_generator",
            "aws_iam_role.ecs_task_execution_role",
            "aws_iam_role.ecs_task_role",
            "aws_iam_role.eventbridge_ecs_role",
            "aws_s3_bucket.reports",
            "aws_secretsmanager_secret.db_credentials",
            "aws_security_group.alb",
            "aws_security_group.ecs",
            "aws_sns_topic.alerts",
            "data.aws_caller_identity.current",
            "data.aws_security_group.existing_lambda_sg",
            "data.aws_vpc.existing",
            "random_string.bucket_suffix"
          ]
        }
      ]
    },
    {
      "mode": "managed",
      "type": "aws_cloudwatch_log_group",
      "name": "ecs",
      "provider": "provider[\"registry.terraform.io/hashicorp/aws\"]",
      "instances": [
        {
          "index_key": "api-service",
          "schema_version": 0,
          "attributes": {
            "arn": "arn:aws:logs:us-east-1:727706432228:log-group:/ecs/cost-reporter/api-service",
            "id": "/ecs/cost-reporter/api-service",
            "kms_key_id": "",
            "log_group_class": "STANDARD",
            "name": "/ecs/cost-reporter/api-service",
            "name_prefix": "",
            "retention_in_days": 7,
            "skip_destroy": false,
            "tags": {
              "Environment": "prod",
              "ManagedBy": "terraform",
              "Project": "cost-reporter",
              "Repository": "aws-cost-budget-reporterv2"
            },
            "tags_all": {
              "Environment": "prod",
              "ManagedBy": "terraform",
              "Project": "cost-reporter",
              "Repository": "aws-cost-budget-reporterv2"
            }
          },
          "sensitive_attributes": [],
          "private": "bnVsbA=="
        },
        {
          "index_key": "data-collector",
          "schema_version": 0,
          "attributes": {
            "arn": "arn:aws:logs:us-east-1:727706432228:log-group:/ecs/cost-reporter/data-collector",
            "id": "/ecs/cost-reporter/data-collector",
            "kms_key_id": "",
            "log_group_class": "STANDARD",
            "name": "/ecs/cost-reporter/data-collector",
            "name_prefix": "",
            "retention_in_days": 7,
            "skip_destroy": false,
            "tags": {
              "Environment": "prod",
              "ManagedBy": "terraform",
              "Project": "cost-reporter",
              "Repository": "aws-cost-budget-reporterv2"
            },
            "tags_all": {
              "Environment": "prod",
              "ManagedBy": "terraform",
              "Project": "cost-reporter",
              "Repository": "aws-cost-budget-reporterv2"
            }
          },
          "sensitive_attributes": [],
          "private": "bnVsbA=="
        },
        {
          "index_key": "report-generator",
          "schema_version": 0,
          "attributes": {
            "arn": "arn:aws:logs:us-east-1:727706432228:log-group:/ecs/cost-reporter/report-generator",
            "id": "/ecs/cost-reporter/report-generator",
            "kms_key_id": "",
            "log_group_class": "STANDARD",
            "name": "/ecs/cost-reporter/report-generator",
            "name_prefix": "",
            "retention_in_days": 7,
            "skip_destroy": false,
            "tags": {
              "Environment": "prod",
              "ManagedBy": "terraform",
              "Project": "cost-reporter",
              "Repository": "aws-cost-budget-reporterv2"
            },
            "tags_all": {
              "Environment": "prod",
              "ManagedBy": "terraform",
              "Project": "cost-reporter",
              "Repository": "aws-cost-budget-reporterv2"
            }
          },
          "sensitive_attributes": [],
          "private": "bnVsbA=="
        }
      ]
    },
    {
      "mode": "managed",
      "type": "aws_dynamodb_table",
      "name": "cost_data",
      "provider": "provider[\"registry.terraform.io/hashicorp/aws\"]",
      "instances": [
        {
          "schema_version": 1,
          "attributes": {
            "arn": "arn:aws:dynamodb:us-east-1:727706432228:table/cost-reporter-cost-data",
            "attribute": [
              {
                "name": "account_id",
                "type": "S"
              },
              {
                "name": "date",
                "type": "S"
              },
              {
                "name": "service",
                "type": "S"
              }
            ],
            "billing_mode": "PAY_PER_REQUEST",
            "deletion_protection_enabled": false,
            "global_secondary_index": [
              {
                "hash_key": "account_id",
                "name": "AccountIndex",
                "non_key_attributes": [],
                "on_demand_throughput": [],
                "projection_type": "ALL",
                "range_key": "date",
                "read_capacity": 0,
                "write_capacity": 0
              }
            ],
            "hash_key": "date",
            "id": "cost-reporter-cost-data",
            "import_table": [],
            "local_secondary_index": [],
            "name": "cost-reporter-cost-data",
            "on_demand_throughput": [],
            "point_in_time_recovery": [
              {
                "enabled": false,
                "recovery_period_in_days": 0
              }
            ],
            "range_key": "service",
            "read_capacity": 0,
            "replica": [],
            "restore_date_time": null,
            "restore_source_name": null,
            "restore_source_table_arn": null,
            "restore_to_latest_time": null,
            "server_side_encryption": [],
            "stream_arn": "",
            "stream_enabled": false,
            "stream_label": "",
            "stream_view_type": "",
            "table_class": "STANDARD",
            "tags": {
              "Environment": "prod",
              "ManagedBy": "terraform",
              "Project": "cost-reporter",
              "Repository": "aws-cost-budget-reporterv2"
            },
            "tags_all": {
              "Environment": "prod",
              "ManagedBy": "terraform",
              "Project": "cost-reporter",
              "Repository": "aws-cost-budget-reporterv2"
            },
            "timeouts": null,
            "ttl": [
              {
                "attribute_name": "",
                "enabled": false
              }
            ],
            "write_capacity": 0
          },
          "sensitive_attributes": [],
          "private": "eyJlMmJmYjczMC1lY2FhLTExZTYtOGY4OC0zNDM2M2JjN2M0YzAiOnsiY3JlYXRlIjoxODAwMDAwMDAwMDAwLCJkZWxldGUiOjYwMDAwMDAwMDAwMCwidXBkYXRlIjozNjAwMDAwMDAwMDAwfSwic2NoZW1hX3ZlcnNpb24iOiIxIn0="
        }
      ]
    },
    {
      "mode": "managed",
      "type": "aws_ecr_lifecycle_policy",
      "name": "api_service",
      "provider": "provider[\"registry.terraform.io/hashicorp/aws\"]",
      "instances": [
        {
          "schema_version": 0,
          "attributes": {
            "id": "cost-reporter/api-service",
            "policy": "{\"rules\":[{\"action\":{\"type\":\"expire\"},\"description\":\"Keep last 10 images\",\"rulePriority\":1,\"selection\":{\"countNumber\":10,\"countType\":\"imageCountMoreThan\",\"tagPrefixList\":[\"v\"],\"tagStatus\":\"tagged\"}}]}",
            "registry_id": "727706432228",
            "repository": "cost-reporter/api-service"
          },
          "sensitive_attributes": [],
          "private": "bnVsbA==",
          "dependencies": [
            "aws_ecr_repository.api_service"
          ]
        }
      ]
    },
    {
      "mode": "managed",
      "type": "aws_ecr_lifecycle_policy",
      "name": "data_collector",
      "provider": "provider[\"registry.terraform.io/hashicorp/aws\"]",
      "instances": [
        {
          "schema_version": 0,
          "attributes": {
            "id": "cost-reporter/data-collector",
            "policy": "{\"rules\":[{\"action\":{\"type\":\"expire\"},\"description\":\"Keep last 10 images\",\"rulePriority\":1,\"selection\":{\"countNumber\":10,\"countType\":\"imageCountMoreThan\",\"tagPrefixList\":[\"v\"],\"tagStatus\":\"tagged\"}}]}",
            "registry_id": "727706432228",
            "repository": "cost-reporter/data-collector"
          },
          "sensitive_attributes": [],
          "private": "bnVsbA==",
          "dependencies": [
            "aws_ecr_repository.data_collector"
          ]
        }
      ]
    },
    {
      "mode": "managed",
      "type": "aws_ecr_lifecycle_policy",
      "name": "report_generator",
      "provider": "provider[\"registry.terraform.io/hashicorp/aws\"]",
      "instances": [
        {
          "schema_version": 0,
          "attributes": {
            "id": "cost-reporter/report-generator",
            "policy": "{\"rules\":[{\"action\":{\"type\":\"expire\"},\"description\":\"Keep last 10 images\",\"rulePriority\":1,\"selection\":{\"countNumber\":10,\"countType\":\"imageCountMoreThan\",\"tagPrefixList\":[\"v\"],\"tagStatus\":\"tagged\"}}]}",
            "registry_id": "727706432228",
            "repository": "cost-reporter/report-generator"
          },
          "sensitive_attributes": [],
          "private": "bnVsbA==",
          "dependencies": [
            "aws_ecr_repository.report_generator"
          ]
        }
      ]
    },
    {
      "mode": "managed",
      "type": "aws_ecr_repository",
      "name": "api_service",
      "provider": "provider[\"registry.terraform.io/hashicorp/aws\"]",
      "instances": [
        {
          "schema_version": 0,
          "attributes": {
            "arn": "arn:aws:ecr:us-east-1:727706432228:repository/cost-reporter/api-service",
            "encryption_configuration": [
              {
                "encryption_type": "AES256",
                "kms_key": ""
              }
            ],
            "force_delete": null,
            "id": "cost-reporter/api-service",
            "image_scanning_configuration": [
              {
                "scan_on_push": true
              }
            ],
            "image_tag_mutability": "MUTABLE",
            "name": "cost-reporter/api-service",
            "registry_id": "727706432228",
            "repository_url": "727706432228.dkr.ecr.us-east-1.amazonaws.com/cost-reporter/api-service",
            "tags": {
              "Environment": "prod",
              "ManagedBy": "terraform",
              "Project": "cost-reporter",
              "Repository": "aws-cost-budget-reporterv2"
            },
            "tags_all": {
              "Environment": "prod",
              "ManagedBy": "terraform",
              "Project": "cost-reporter",
              "Repository": "aws-cost-budget-reporterv2"
            },
            "timeouts": null
          },
          "sensitive_attributes": [],
          "private": "eyJlMmJmYjczMC1lY2FhLTExZTYtOGY4OC0zNDM2M2JjN2M0YzAiOnsiZGVsZXRlIjoxMjAwMDAwMDAwMDAwfX0="
        }
      ]
    },
    {
      "mode": "managed",
      "type": "aws_ecr_repository",
      "name": "data_collector",
      "provider": "provider[\"registry.terraform.io/hashicorp/aws\"]",
      "instances": [
        {
          "schema_version": 0,
          "attributes": {
            "arn": "arn:aws:ecr:us-east-1:727706432228:repository/cost-reporter/data-collector",
            "encryption_configuration": [
              {
                "encryption_type": "AES256",
                "kms_key": ""
              }
            ],
            "force_delete": null,
            "id": "cost-reporter/data-collector",
            "image_scanning_configuration": [
              {
                "scan_on_push": true
              }
            ],
            "image_tag_mutability": "MUTABLE",
            "name": "cost-reporter/data-collector",
            "registry_id": "727706432228",
            "repository_url": "727706432228.dkr.ecr.us-east-1.amazonaws.com/cost-reporter/data-collector",
            "tags": {
              "Environment": "prod",
              "ManagedBy": "terraform",
              "Project": "cost-reporter",
              "Repository": "aws-cost-budget-reporterv2"
            },
            "tags_all": {
              "Environment": "prod",
              "ManagedBy": "terraform",
              "Project": "cost-reporter",
              "Repository": "aws-cost-budget-reporterv2"
            },
            "timeouts": null
          },
          "sensitive_attributes": [],
          "private": "eyJlMmJmYjczMC1lY2FhLTExZTYtOGY4OC0zNDM2M2JjN2M0YzAiOnsiZGVsZXRlIjoxMjAwMDAwMDAwMDAwfX0="
        }
      ]
    },
    {
      "mode": "managed",
      "type": "aws_ecr_repository",
      "name": "report_generator",
      "provider": "provider[\"registry.terraform.io/hashicorp/aws\"]",
      "instances": [
        {
          "schema_version": 0,
          "attributes": {
            "arn": "arn:aws:ecr:us-east-1:727706432228:repository/cost-reporter/report-generator",
            "encryption_configuration": [
              {
                "encryption_type": "AES256",
                "kms_key": ""
              }
            ],
            "force_delete": null,
            "id": "cost-reporter/report-generator",
            "image_scanning_configuration": [
              {
                "scan_on_push": true
              }
            ],
            "image_tag_mutability": "MUTABLE",
            "name": "cost-reporter/report-generator",
            "registry_id": "727706432228",
            "repository_url": "727706432228.dkr.ecr.us-east-1.amazonaws.com/cost-reporter/report-generator",
            "tags": {
              "Environment": "prod",
              "ManagedBy": "terraform",
              "Project": "cost-reporter",
              "Repository": "aws-cost-budget-reporterv2"
            },
            "tags_all": {
              "Environment": "prod",
              "ManagedBy": "terraform",
              "Project": "cost-reporter",
              "Repository": "aws-cost-budget-reporterv2"
            },
            "timeouts": null
          },
          "sensitive_attributes": [],
          "private": "eyJlMmJmYjczMC1lY2FhLTExZTYtOGY4OC0zNDM2M2JjN2M0YzAiOnsiZGVsZXRlIjoxMjAwMDAwMDAwMDAwfX0="
        }
      ]
    },
    {
      "mode": "managed",
      "type": "aws_ecs_cluster",
      "name": "main",
      "provider": "provider[\"registry.terraform.io/hashicorp/aws\"]",
      "instances": [
        {
          "schema_version": 0,
          "attributes": {
            "arn": "arn:aws:ecs:us-east-1:727706432228:cluster/cost-reporter-cluster",
            "configuration": [],
            "id": "arn:aws:ecs:us-east-1:727706432228:cluster/cost-reporter-cluster",
            "name": "cost-reporter-cluster",
            "service_connect_defaults": [],
            "setting": [
              {
                "name": "containerInsights",
                "value": "enabled"
              }
            ],
            "tags": {
              "Environment": "prod",
              "ManagedBy": "terraform",
              "Project": "cost-reporter",
              "Repository": "aws-cost-budget-reporterv2"
            },
            "tags_all": {
              "Environment": "prod",
              "ManagedBy": "terraform",
              "Project": "cost-reporter",
              "Repository": "aws-cost-budget-reporterv2"
            }
          },
          "sensitive_attributes": [],
          "private": "bnVsbA=="
        }
      ]
    },
    {
      "mode": "managed",
      "type": "aws_ecs_cluster_capacity_providers",
      "name": "main",
      "provider": "provider[\"registry.terraform.io/hashicorp/aws\"]",
      "instances": [
        {
          "schema_version": 0,
          "attributes": {
            "capacity_providers": [
              "FARGATE",
              "FARGATE_SPOT"
            ],
            "cluster_name": "cost-reporter-cluster",
            "default_capacity_provider_strategy": [
              {
                "base": 0,
                "capacity_provider": "FARGATE",
                "weight": 1
              },
              {
                "base": 1,
                "capacity_provider": "FARGATE_SPOT",
                "weight": 2
              }
            ],
            "id": "cost-reporter-cluster"
          },
          "sensitive_attributes": [],
          "private": "bnVsbA==",
          "dependencies": [
            "aws_ecs_cluster.main"
          ]
        }
      ]
    },
    {
      "mode": "managed",
      "type": "aws_ecs_service",
      "name": "api_service",
      "provider": "provider[\"registry.terraform.io/hashicorp/aws\"]",
      "instances": [
        {
          "schema_version": 1,
          "attributes": {
            "alarms": [],
            "availability_zone_rebalancing": "DISABLED",
            "capacity_provider_strategy": [],
            "cluster": "arn:aws:ecs:us-east-1:727706432228:cluster/cost-reporter-cluster",
            "deployment_circuit_breaker": [
              {
                "enable": false,
                "rollback": false
              }
            ],
            "deployment_controller": [
              {
                "type": "ECS"
              }
            ],
            "deployment_maximum_percent": 200,
            "deployment_minimum_healthy_percent": 100,
            "desired_count": 2,
            "enable_ecs_managed_tags": false,
            "enable_execute_command": false,
            "force_delete": null,
            "force_new_deployment": null,
            "health_check_grace_period_seconds": 0,
            "iam_role": "/aws-service-role/ecs.amazonaws.com/AWSServiceRoleForECS",
            "id": "arn:aws:ecs:us-east-1:727706432228:service/cost-reporter-cluster/cost-reporter-api-service",
            "launch_type": "FARGATE",
            "load_balancer": [
              {
                "container_name": "api-service",
                "container_port": 8000,
                "elb_name": "",
                "target_group_arn": "arn:aws:elasticloadbalancing:us-east-1:727706432228:targetgroup/cost-reporter-api-tg/6f2af0f38230052d"
              }
            ],
            "name": "cost-reporter-api-service",
            "network_configuration": [
              {
                "assign_public_ip": false,
                "security_groups": [
                  "sg-06e08a241009393f2"
                ],
                "subnets": [
                  "subnet-036956352299e0d46",
                  "subnet-071069cdff1baacfc"
                ]
              }
            ],
            "ordered_placement_strategy": [],
            "placement_constraints": [],
            "platform_version": "LATEST",
            "propagate_tags": "NONE",
            "scheduling_strategy": "REPLICA",
            "service_connect_configuration": [],
            "service_registries": [],
            "tags": {
              "Environment": "prod",
              "ManagedBy": "terraform",
              "Project": "cost-reporter",
              "Repository": "aws-cost-budget-reporterv2"
            },
            "tags_all": {
              "Environment": "prod",
              "ManagedBy": "terraform",
              "Project": "cost-reporter",
              "Repository": "aws-cost-budget-reporterv2"
            },
            "task_definition": "arn:aws:ecs:us-east-1:727706432228:task-definition/cost-reporter-api-service:1",
            "timeouts": null,
            "triggers": {},
            "volume_configuration": [],
            "vpc_lattice_configurations": [],
            "wait_for_steady_state": false
          },
          "sensitive_attributes": [],
          "private": "eyJlMmJmYjczMC1lY2FhLTExZTYtOGY4OC0zNDM2M2JjN2M0YzAiOnsiY3JlYXRlIjoxMjAwMDAwMDAwMDAwLCJkZWxldGUiOjEyMDAwMDAwMDAwMDAsInVwZGF0ZSI6MTIwMDAwMDAwMDAwMH0sInNjaGVtYV92ZXJzaW9uIjoiMSJ9",
          "dependencies": [
            "aws_acm_certificate.main",
            "aws_acm_certificate_validation.main",
            "aws_cloudwatch_log_group.ecs",
            "aws_dynamodb_table.cost_data",
            "aws_ecs_cluster.main",
            "aws_ecs_task_definition.api_service",
            "aws_iam_role.ecs_task_execution_role",
            "aws_iam_role.ecs_task_role",
            "aws_lb.main",
            "aws_lb_listener.https",
            "aws_lb_target_group.api_service",
            "aws_route53_record.cert_validation",
            "aws_s3_bucket.reports",
            "aws_secretsmanager_secret.db_credentials",
            "aws_security_group.alb",
            "aws_security_group.ecs",
            "data.aws_caller_identity.current",
            "data.aws_route53_zone.existing",
            "data.aws_security_group.existing_lambda_sg",
            "data.aws_vpc.existing",
            "random_string.bucket_suffix"
          ]
        }
      ]
    },
    {
      "mode": "managed",
      "type": "aws_ecs_task_definition",
      "name": "api_service",
      "provider": "provider[\"registry.terraform.io/hashicorp/aws\"]",
      "instances": [
        {
          "schema_version": 1,
          "attributes": {
            "arn": "arn:aws:ecs:us-east-1:727706432228:task-definition/cost-reporter-api-service:1",
            "arn_without_revision": "arn:aws:ecs:us-east-1:727706432228:task-definition/cost-reporter-api-service",
            "container_definitions": "[{\"environment\":[{\"name\":\"AWS_REGION\",\"value\":\"us-east-1\"},{\"name\":\"DYNAMODB_TABLE\",\"value\":\"cost-reporter-cost-data\"},{\"name\":\"S3_BUCKET\",\"value\":\"cost-reporter-reports-5phlwom2\"}],\"essential\":true,\"healthCheck\":{\"command\":[\"CMD-SHELL\",\"curl -f http://localhost:8000/health || exit 1\"],\"interval\":30,\"retries\":3,\"startPeriod\":60,\"timeout\":5},\"image\":\"727706432228.dkr.ecr.us-east-1.amazonaws.com/cost-reporter/api-service:latest\",\"logConfiguration\":{\"logDriver\":\"awslogs\",\"options\":{\"awslogs-group\":\"/ecs/cost-reporter/api-service\",\"awslogs-region\":\"us-east-1\",\"awslogs-stream-prefix\":\"ecs\"}},\"mountPoints\":[],\"name\":\"api-service\",\"portMappings\":[{\"containerPort\":8000,\"hostPort\":8000,\"protocol\":\"tcp\"}],\"secrets\":[{\"name\":\"DB_CREDENTIALS\",\"valueFrom\":\"arn:aws:secretsmanager:us-east-1:727706432228:secret:cost-reporter-db-credentials-ELEopR\"}],\"systemControls\":[],\"volumesFrom\":[]}]",
            "cpu": "512",
            "enable_fault_injection": false,
            "ephemeral_storage": [],
            "execution_role_arn": "arn:aws:iam::727706432228:role/cost-reporter-ecs-task-execution-role",
            "family": "cost-reporter-api-service",
            "id": "cost-reporter-api-service",
            "inference_accelerator": [],
            "ipc_mode": "",
            "memory": "1024",
            "network_mode": "awsvpc",
            "pid_mode": "",
            "placement_constraints": [],
            "proxy_configuration": [],
            "requires_compatibilities": [
              "FARGATE"
            ],
            "revision": 1,
            "runtime_platform": [],
            "skip_destroy": false,
            "tags": {
              "Environment": "prod",
              "ManagedBy": "terraform",
              "Project": "cost-reporter",
              "Repository": "aws-cost-budget-reporterv2"
            },
            "tags_all": {
              "Environment": "prod",
              "ManagedBy": "terraform",
              "Project": "cost-reporter",
              "Repository": "aws-cost-budget-reporterv2"
            },
            "task_role_arn": "arn:aws:iam::727706432228:role/cost-reporter-ecs-task-role",
            "track_latest": false,
            "volume": []
          },
          "sensitive_attributes": [],
          "private": "eyJzY2hlbWFfdmVyc2lvbiI6IjEifQ==",
          "dependencies": [
            "aws_cloudwatch_log_group.ecs",
            "aws_dynamodb_table.cost_data",
            "aws_iam_role.ecs_task_execution_role",
            "aws_iam_role.ecs_task_role",
            "aws_s3_bucket.reports",
            "aws_secretsmanager_secret.db_credentials",
            "data.aws_caller_identity.current",
            "random_string.bucket_suffix"
          ]
        }
      ]
    },
    {
      "mode": "managed",
      "type": "aws_ecs_task_definition",
      "name": "data_collector",
      "provider": "provider[\"registry.terraform.io/hashicorp/aws\"]",
      "instances": [
        {
          "schema_version": 1,
          "attributes": {
            "arn": "arn:aws:ecs:us-east-1:727706432228:task-definition/cost-reporter-data-collector:1",
            "arn_without_revision": "arn:aws:ecs:us-east-1:727706432228:task-definition/cost-reporter-data-collector",
            "container_definitions": "[{\"environment\":[{\"name\":\"AWS_REGION\",\"value\":\"us-east-1\"},{\"name\":\"DYNAMODB_TABLE\",\"value\":\"cost-reporter-cost-data\"},{\"name\":\"S3_BUCKET\",\"value\":\"cost-reporter-reports-5phlwom2\"}],\"essential\":true,\"image\":\"727706432228.dkr.ecr.us-east-1.amazonaws.com/cost-reporter/data-collector:latest\",\"logConfiguration\":{\"logDriver\":\"awslogs\",\"options\":{\"awslogs-group\":\"/ecs/cost-reporter/data-collector\",\"awslogs-region\":\"us-east-1\",\"awslogs-stream-prefix\":\"ecs\"}},\"mountPoints\":[],\"name\":\"data-collector\",\"portMappings\":[],\"secrets\":[{\"name\":\"DB_CREDENTIALS\",\"valueFrom\":\"arn:aws:secretsmanager:us-east-1:727706432228:secret:cost-reporter-db-credentials-ELEopR\"}],\"systemControls\":[],\"volumesFrom\":[]}]",
            "cpu": "256",
            "enable_fault_injection": false,
            "ephemeral_storage": [],
            "execution_role_arn": "arn:aws:iam::727706432228:role/cost-reporter-ecs-task-execution-role",
            "family": "cost-reporter-data-collector",
            "id": "cost-reporter-data-collector",
            "inference_accelerator": [],
            "ipc_mode": "",
            "memory": "512",
            "network_mode": "awsvpc",
            "pid_mode": "",
            "placement_constraints": [],
            "proxy_configuration": [],
            "requires_compatibilities": [
              "FARGATE"
            ],
            "revision": 1,
            "runtime_platform": [],
            "skip_destroy": false,
            "tags": {
              "Environment": "prod",
              "ManagedBy": "terraform",
              "Project": "cost-reporter",
              "Repository": "aws-cost-budget-reporterv2"
            },
            "tags_all": {
              "Environment": "prod",
              "ManagedBy": "terraform",
              "Project": "cost-reporter",
              "Repository": "aws-cost-budget-reporterv2"
            },
            "task_role_arn": "arn:aws:iam::727706432228:role/cost-reporter-ecs-task-role",
            "track_latest": false,
            "volume": []
          },
          "sensitive_attributes": [],
          "private": "eyJzY2hlbWFfdmVyc2lvbiI6IjEifQ==",
          "dependencies": [
            "aws_cloudwatch_log_group.ecs",
            "aws_dynamodb_table.cost_data",
            "aws_iam_role.ecs_task_execution_role",
            "aws_iam_role.ecs_task_role",
            "aws_s3_bucket.reports",
            "aws_secretsmanager_secret.db_credentials",
            "data.aws_caller_identity.current",
            "random_string.bucket_suffix"
          ]
        }
      ]
    },
    {
      "mode": "managed",
      "type": "aws_ecs_task_definition",
      "name": "report_generator",
      "provider": "provider[\"registry.terraform.io/hashicorp/aws\"]",
      "instances": [
        {
          "schema_version": 1,
          "attributes": {
            "arn": "arn:aws:ecs:us-east-1:727706432228:task-definition/cost-reporter-report-generator:1",
            "arn_without_revision": "arn:aws:ecs:us-east-1:727706432228:task-definition/cost-reporter-report-generator",
            "container_definitions": "[{\"environment\":[{\"name\":\"AWS_REGION\",\"value\":\"us-east-1\"},{\"name\":\"DYNAMODB_TABLE\",\"value\":\"cost-reporter-cost-data\"},{\"name\":\"S3_BUCKET\",\"value\":\"cost-reporter-reports-5phlwom2\"},{\"name\":\"SNS_TOPIC\",\"value\":\"arn:aws:sns:us-east-1:727706432228:cost-reporter-alerts\"}],\"essential\":true,\"image\":\"727706432228.dkr.ecr.us-east-1.amazonaws.com/cost-reporter/report-generator:latest\",\"logConfiguration\":{\"logDriver\":\"awslogs\",\"options\":{\"awslogs-group\":\"/ecs/cost-reporter/report-generator\",\"awslogs-region\":\"us-east-1\",\"awslogs-stream-prefix\":\"ecs\"}},\"mountPoints\":[],\"name\":\"report-generator\",\"portMappings\":[],\"secrets\":[{\"name\":\"DB_CREDENTIALS\",\"valueFrom\":\"arn:aws:secretsmanager:us-east-1:727706432228:secret:cost-reporter-db-credentials-ELEopR\"}],\"systemControls\":[],\"volumesFrom\":[]}]",
            "cpu": "1024",
            "enable_fault_injection": false,
            "ephemeral_storage": [],
            "execution_role_arn": "arn:aws:iam::727706432228:role/cost-reporter-ecs-task-execution-role",
            "family": "cost-reporter-report-generator",
            "id": "cost-reporter-report-generator",
            "inference_accelerator": [],
            "ipc_mode": "",
            "memory": "2048",
            "network_mode": "awsvpc",
            "pid_mode": "",
            "placement_constraints": [],
            "proxy_configuration": [],
            "requires_compatibilities": [
              "FARGATE"
            ],
            "revision": 1,
            "runtime_platform": [],
            "skip_destroy": false,
            "tags": {
              "Environment": "prod",
              "ManagedBy": "terraform",
              "Project": "cost-reporter",
              "Repository": "aws-cost-budget-reporterv2"
            },
            "tags_all": {
              "Environment": "prod",
              "ManagedBy": "terraform",
              "Project": "cost-reporter",
              "Repository": "aws-cost-budget-reporterv2"
            },
            "task_role_arn": "arn:aws:iam::727706432228:role/cost-reporter-ecs-task-role",
            "track_latest": false,
            "volume": []
          },
          "sensitive_attributes": [],
          "private": "eyJzY2hlbWFfdmVyc2lvbiI6IjEifQ==",
          "dependencies": [
            "aws_cloudwatch_log_group.ecs",
            "aws_dynamodb_table.cost_data",
            "aws_iam_role.ecs_task_execution_role",
            "aws_iam_role.ecs_task_role",
            "aws_s3_bucket.reports",
            "aws_secretsmanager_secret.db_credentials",
            "aws_sns_topic.alerts",
            "data.aws_caller_identity.current",
            "random_string.bucket_suffix"
          ]
        }
      ]
    },
    {
      "mode": "managed",
      "type": "aws_iam_role",
      "name": "ecs_task_execution_role",
      "provider": "provider[\"registry.terraform.io/hashicorp/aws\"]",
      "instances": [
        {
          "schema_version": 0,
          "attributes": {
            "arn": "arn:aws:iam::727706432228:role/cost-reporter-ecs-task-execution-role",
            "assume_role_policy": "{\"Statement\":[{\"Action\":\"sts:AssumeRole\",\"Effect\":\"Allow\",\"Principal\":{\"Service\":\"ecs-tasks.amazonaws.com\"}}],\"Version\":\"2012-10-17\"}",
            "create_date": "2025-09-26T16:06:27Z",
            "description": "",
            "force_detach_policies": false,
            "id": "cost-reporter-ecs-task-execution-role",
            "inline_policy": [
              {
                "name": "SecretsManagerAccess",
                "policy": "{\"Version\":\"2012-10-17\",\"Statement\":[{\"Action\":[\"secretsmanager:GetSecretValue\"],\"Effect\":\"Allow\",\"Resource\":[\"arn:aws:secretsmanager:us-east-1:727706432228:secret:cost-reporter-db-credentials-ELEopR\"]}]}"
              }
            ],
            "managed_policy_arns": [
              "arn:aws:iam::aws:policy/service-role/AmazonECSTaskExecutionRolePolicy"
            ],
            "max_session_duration": 3600,
            "name": "cost-reporter-ecs-task-execution-role",
            "name_prefix": "",
            "path": "/",
            "permissions_boundary": "",
            "tags": {
              "Environment": "prod",
              "ManagedBy": "terraform",
              "Project": "cost-reporter",
              "Repository": "aws-cost-budget-reporterv2"
            },
            "tags_all": {
              "Environment": "prod",
              "ManagedBy": "terraform",
              "Project": "cost-reporter",
              "Repository": "aws-cost-budget-reporterv2"
            },
            "unique_id": "AROA2S3VO6LSMOP2FZAZS"
          },
          "sensitive_attributes": [],
          "private": "bnVsbA=="
        }
      ]
    },
    {
      "mode": "managed",
      "type": "aws_iam_role",
      "name": "ecs_task_role",
      "provider": "provider[\"registry.terraform.io/hashicorp/aws\"]",
      "instances": [
        {
          "schema_version": 0,
          "attributes": {
            "arn": "arn:aws:iam::727706432228:role/cost-reporter-ecs-task-role",
            "assume_role_policy": "{\"Statement\":[{\"Action\":\"sts:AssumeRole\",\"Effect\":\"Allow\",\"Principal\":{\"Service\":\"ecs-tasks.amazonaws.com\"}}],\"Version\":\"2012-10-17\"}",
            "create_date": "2025-09-26T16:06:26Z",
            "description": "",
            "force_detach_policies": false,
            "id": "cost-reporter-ecs-task-role",
            "inline_policy": [
              {
                "name": "cost-reporter-ecs-task-policy",
                "policy": "{\"Version\":\"2012-10-17\",\"Statement\":[{\"Action\":[\"ce:GetCostAndUsage\",\"ce:GetUsageReport\",\"ce:GetDimensionValues\",\"ce:GetReservationCoverage\",\"ce:GetReservationPurchaseRecommendation\",\"ce:GetReservationUtilization\",\"ce:GetSavingsPlansUtilization\",\"ce:ListCostCategoryDefinitions\",\"budgets:ViewBudget\",\"budgets:DescribeBudgets\"],\"Effect\":\"Allow\",\"Resource\":\"*\"},{\"Action\":[\"dynamodb:GetItem\",\"dynamodb:PutItem\",\"dynamodb:UpdateItem\",\"dynamodb:DeleteItem\",\"dynamodb:Query\",\"dynamodb:Scan\"],\"Effect\":\"Allow\",\"Resource\":[\"arn:aws:dynamodb:us-east-1:727706432228:table/cost-reporter-cost-data\",\"arn:aws:dynamodb:us-east-1:727706432228:table/cost-reporter-cost-data/index/*\"]},{\"Action\":[\"s3:GetObject\",\"s3:PutObject\",\"s3:DeleteObject\"],\"Effect\":\"Allow\",\"Resource\":[\"arn:aws:s3:::cost-reporter-reports-5phlwom2/*\"]},{\"Action\":[\"sns:Publish\"],\"Effect\":\"Allow\",\"Resource\":\"arn:aws:sns:us-east-1:727706432228:cost-reporter-alerts\"},{\"Action\":[\"secretsmanager:GetSecretValue\"],\"Effect\":\"Allow\",\"Resource\":\"arn:aws:secretsmanager:us-east-1:727706432228:secret:cost-reporter-db-credentials-ELEopR\"}]}"
              }
            ],
            "managed_policy_arns": [],
            "max_session_duration": 3600,
            "name": "cost-reporter-ecs-task-role",
            "name_prefix": "",
            "path": "/",
            "permissions_boundary": "",
            "tags": {
              "Environment": "prod",
              "ManagedBy": "terraform",
              "Project": "cost-reporter",
              "Repository": "aws-cost-budget-reporterv2"
            },
            "tags_all": {
              "Environment": "prod",
              "ManagedBy": "terraform",
              "Project": "cost-reporter",
              "Repository": "aws-cost-budget-reporterv2"
            },
            "unique_id": "AROA2S3VO6LSN4XVIFDAD"
          },
          "sensitive_attributes": [],
          "private": "bnVsbA=="
        }
      ]
    },
    {
      "mode": "managed",
      "type": "aws_iam_role",
      "name": "eventbridge_ecs_role",
      "provider": "provider[\"registry.terraform.io/hashicorp/aws\"]",
      "instances": [
        {
          "schema_version": 0,
          "attributes": {
            "arn": "arn:aws:iam::727706432228:role/cost-reporter-eventbridge-ecs-role",
            "assume_role_policy": "{\"Statement\":[{\"Action\":\"sts:AssumeRole\",\"Effect\":\"Allow\",\"Principal\":{\"Service\":\"events.amazonaws.com\"}}],\"Version\":\"2012-10-17\"}",
            "create_date": "2025-09-26T16:06:26Z",
            "description": "",
            "force_detach_policies": false,
            "id": "cost-reporter-eventbridge-ecs-role",
            "inline_policy": [
              {
                "name": "cost-reporter-eventbridge-ecs-policy",
                "policy": "{\"Version\":\"2012-10-17\",\"Statement\":[{\"Action\":[\"ecs:RunTask\"],\"Effect\":\"Allow\",\"Resource\":[\"arn:aws:ecs:us-east-1:727706432228:task-definition/cost-reporter-data-collector:1\",\"arn:aws:ecs:us-east-1:727706432228:task-definition/cost-reporter-report-generator:1\"]},{\"Action\":[\"iam:PassRole\"],\"Effect\":\"Allow\",\"Resource\":[\"arn:aws:iam::727706432228:role/cost-reporter-ecs-task-execution-role\",\"arn:aws:iam::727706432228:role/cost-reporter-ecs-task-role\"]}]}"
              }
            ],
            "managed_policy_arns": [],
            "max_session_duration": 3600,
            "name": "cost-reporter-eventbridge-ecs-role",
            "name_prefix": "",
            "path": "/",
            "permissions_boundary": "",
            "tags": {
              "Environment": "prod",
              "ManagedBy": "terraform",
              "Project": "cost-reporter",
              "Repository": "aws-cost-budget-reporterv2"
            },
            "tags_all": {
              "Environment": "prod",
              "ManagedBy": "terraform",
              "Project": "cost-reporter",
              "Repository": "aws-cost-budget-reporterv2"
            },
            "unique_id": "AROA2S3VO6LSIGIUJMYPY"
          },
          "sensitive_attributes": [],
          "private": "bnVsbA=="
        }
      ]
    },
    {
      "mode": "managed",
      "type": "aws_iam_role_policy",
      "name": "ecs_task_role_policy",
      "provider": "provider[\"registry.terraform.io/hashicorp/aws\"]",
      "instances": [
        {
          "schema_version": 0,
          "attributes": {
            "id": "cost-reporter-ecs-task-role:cost-reporter-ecs-task-policy",
            "name": "cost-reporter-ecs-task-policy",
            "name_prefix": "",
            "policy": "{\"Version\":\"2012-10-17\",\"Statement\":[{\"Action\":[\"ce:GetCostAndUsage\",\"ce:GetUsageReport\",\"ce:GetDimensionValues\",\"ce:GetReservationCoverage\",\"ce:GetReservationPurchaseRecommendation\",\"ce:GetReservationUtilization\",\"ce:GetSavingsPlansUtilization\",\"ce:ListCostCategoryDefinitions\",\"budgets:ViewBudget\",\"budgets:DescribeBudgets\"],\"Effect\":\"Allow\",\"Resource\":\"*\"},{\"Action\":[\"dynamodb:GetItem\",\"dynamodb:PutItem\",\"dynamodb:UpdateItem\",\"dynamodb:DeleteItem\",\"dynamodb:Query\",\"dynamodb:Scan\"],\"Effect\":\"Allow\",\"Resource\":[\"arn:aws:dynamodb:us-east-1:727706432228:table/cost-reporter-cost-data\",\"arn:aws:dynamodb:us-east-1:727706432228:table/cost-reporter-cost-data/index/*\"]},{\"Action\":[\"s3:GetObject\",\"s3:PutObject\",\"s3:DeleteObject\"],\"Effect\":\"Allow\",\"Resource\":[\"arn:aws:s3:::cost-reporter-reports-5phlwom2/*\"]},{\"Action\":[\"sns:Publish\"],\"Effect\":\"Allow\",\"Resource\":\"arn:aws:sns:us-east-1:727706432228:cost-reporter-alerts\"},{\"Action\":[\"secretsmanager:GetSecretValue\"],\"Effect\":\"Allow\",\"Resource\":\"arn:aws:secretsmanager:us-east-1:727706432228:secret:cost-reporter-db-credentials-ELEopR\"}]}",
            "role": "cost-reporter-ecs-task-role"
          },
          "sensitive_attributes": [],
          "private": "bnVsbA==",
          "dependencies": [
            "aws_dynamodb_table.cost_data",
            "aws_iam_role.ecs_task_role",
            "aws_s3_bucket.reports",
            "aws_secretsmanager_secret.db_credentials",
            "aws_sns_topic.alerts",
            "random_string.bucket_suffix"
          ]
        }
      ]
    },
    {
      "mode": "managed",
      "type": "aws_iam_role_policy",
      "name": "eventbridge_ecs_policy",
      "provider": "provider[\"registry.terraform.io/hashicorp/aws\"]",
      "instances": [
        {
          "schema_version": 0,
          "attributes": {
            "id": "cost-reporter-eventbridge-ecs-role:cost-reporter-eventbridge-ecs-policy",
            "name": "cost-reporter-eventbridge-ecs-policy",
            "name_prefix": "",
            "policy": "{\"Version\":\"2012-10-17\",\"Statement\":[{\"Action\":[\"ecs:RunTask\"],\"Effect\":\"Allow\",\"Resource\":[\"arn:aws:ecs:us-east-1:727706432228:task-definition/cost-reporter-data-collector:1\",\"arn:aws:ecs:us-east-1:727706432228:task-definition/cost-reporter-report-generator:1\"]},{\"Action\":[\"iam:PassRole\"],\"Effect\":\"Allow\",\"Resource\":[\"arn:aws:iam::727706432228:role/cost-reporter-ecs-task-execution-role\",\"arn:aws:iam::727706432228:role/cost-reporter-ecs-task-role\"]}]}",
            "role": "cost-reporter-eventbridge-ecs-role"
          },
          "sensitive_attributes": [],
          "private": "bnVsbA==",
          "dependencies": [
            "aws_cloudwatch_log_group.ecs",
            "aws_dynamodb_table.cost_data",
            "aws_ecs_task_definition.data_collector",
            "aws_ecs_task_definition.report_generator",
            "aws_iam_role.ecs_task_execution_role",
            "aws_iam_role.ecs_task_role",
            "aws_iam_role.eventbridge_ecs_role",
            "aws_s3_bucket.reports",
            "aws_secretsmanager_secret.db_credentials",
            "aws_sns_topic.alerts",
            "data.aws_caller_identity.current",
            "random_string.bucket_suffix"
          ]
        }
      ]
    },
    {
      "mode": "managed",
      "type": "aws_iam_role_policy_attachment",
      "name": "ecs_task_execution_role_policy",
      "provider": "provider[\"registry.terraform.io/hashicorp/aws\"]",
      "instances": [
        {
          "schema_version": 0,
          "attributes": {
            "id": "cost-reporter-ecs-task-execution-role-20250926160629020000000005",
            "policy_arn": "arn:aws:iam::aws:policy/service-role/AmazonECSTaskExecutionRolePolicy",
            "role": "cost-reporter-ecs-task-execution-role"
          },
          "sensitive_attributes": [],
          "private": "bnVsbA==",
          "dependencies": [
            "aws_iam_role.ecs_task_execution_role"
          ]
        }
      ]
    },
    {
      "mode": "managed",
      "type": "aws_lb",
      "name": "main",
      "provider": "provider[\"registry.terraform.io/hashicorp/aws\"]",
      "instances": [
        {
          "schema_version": 0,
          "attributes": {
            "access_logs": [
              {
                "bucket": "",
                "enabled": false,
                "prefix": ""
              }
            ],
            "arn": "arn:aws:elasticloadbalancing:us-east-1:727706432228:loadbalancer/app/cost-reporter-alb/65769574c0a5b028",
            "arn_suffix": "app/cost-reporter-alb/65769574c0a5b028",
            "client_keep_alive": 3600,
            "connection_logs": [
              {
                "bucket": "",
                "enabled": false,
                "prefix": ""
              }
            ],
            "customer_owned_ipv4_pool": "",
            "desync_mitigation_mode": "defensive",
            "dns_name": "cost-reporter-alb-1432920593.us-east-1.elb.amazonaws.com",
            "dns_record_client_routing_policy": null,
            "drop_invalid_header_fields": false,
            "enable_cross_zone_load_balancing": true,
            "enable_deletion_protection": false,
            "enable_http2": true,
            "enable_tls_version_and_cipher_suite_headers": false,
            "enable_waf_fail_open": false,
            "enable_xff_client_port": false,
            "enable_zonal_shift": false,
            "enforce_security_group_inbound_rules_on_private_link_traffic": "",
            "id": "arn:aws:elasticloadbalancing:us-east-1:727706432228:loadbalancer/app/cost-reporter-alb/65769574c0a5b028",
            "idle_timeout": 60,
            "internal": false,
            "ip_address_type": "ipv4",
            "ipam_pools": [],
            "load_balancer_type": "application",
            "minimum_load_balancer_capacity": [],
            "name": "cost-reporter-alb",
            "name_prefix": "",
            "preserve_host_header": false,
            "security_groups": [
              "sg-02bcf2be50be15754"
            ],
            "subnet_mapping": [
              {
                "allocation_id": "",
                "ipv6_address": "",
                "outpost_id": "",
                "private_ipv4_address": "",
                "subnet_id": "subnet-023129cfb538b2246"
              },
              {
                "allocation_id": "",
                "ipv6_address": "",
                "outpost_id": "",
                "private_ipv4_address": "",
                "subnet_id": "subnet-0ff23bc6cbd7e239a"
              }
            ],
            "subnets": [
              "subnet-023129cfb538b2246",
              "subnet-0ff23bc6cbd7e239a"
            ],
            "tags": {
              "Environment": "prod",
              "ManagedBy": "terraform",
              "Project": "cost-reporter",
              "Repository": "aws-cost-budget-reporterv2"
            },
            "tags_all": {
              "Environment": "prod",
              "ManagedBy": "terraform",
              "Project": "cost-reporter",
              "Repository": "aws-cost-budget-reporterv2"
            },
            "timeouts": null,
            "vpc_id": "vpc-04c0a089dd691442c",
            "xff_header_processing_mode": "append",
            "zone_id": "Z35SXDOTRQ7X7K"
          },
          "sensitive_attributes": [],
          "private": "eyJlMmJmYjczMC1lY2FhLTExZTYtOGY4OC0zNDM2M2JjN2M0YzAiOnsiY3JlYXRlIjo2MDAwMDAwMDAwMDAsImRlbGV0ZSI6NjAwMDAwMDAwMDAwLCJ1cGRhdGUiOjYwMDAwMDAwMDAwMH19",
          "dependencies": [
            "aws_security_group.alb",
            "data.aws_vpc.existing"
          ]
        }
      ]
    },
    {
      "mode": "managed",
      "type": "aws_lb_listener",
      "name": "http",
      "provider": "provider[\"registry.terraform.io/hashicorp/aws\"]",
      "instances": [
        {
          "schema_version": 0,
          "attributes": {
            "alpn_policy": null,
            "arn": "arn:aws:elasticloadbalancing:us-east-1:727706432228:listener/app/cost-reporter-alb/65769574c0a5b028/fba1d3a48bc28c2c",
            "certificate_arn": null,
            "default_action": [
              {
                "authenticate_cognito": [],
                "authenticate_oidc": [],
                "fixed_response": [],
                "forward": [],
                "order": 1,
                "redirect": [
                  {
                    "host": "#{host}",
                    "path": "/#{path}",
                    "port": "443",
                    "protocol": "HTTPS",
                    "query": "#{query}",
                    "status_code": "HTTP_301"
                  }
                ],
                "target_group_arn": "",
                "type": "redirect"
              }
            ],
            "id": "arn:aws:elasticloadbalancing:us-east-1:727706432228:listener/app/cost-reporter-alb/65769574c0a5b028/fba1d3a48bc28c2c",
            "load_balancer_arn": "arn:aws:elasticloadbalancing:us-east-1:727706432228:loadbalancer/app/cost-reporter-alb/65769574c0a5b028",
            "mutual_authentication": [],
            "port": 80,
            "protocol": "HTTP",
            "routing_http_request_x_amzn_mtls_clientcert_header_name": null,
            "routing_http_request_x_amzn_mtls_clientcert_issuer_header_name": null,
            "routing_http_request_x_amzn_mtls_clientcert_leaf_header_name": null,
            "routing_http_request_x_amzn_mtls_clientcert_serial_number_header_name": null,
            "routing_http_request_x_amzn_mtls_clientcert_subject_header_name": null,
            "routing_http_request_x_amzn_mtls_clientcert_validity_header_name": null,
            "routing_http_request_x_amzn_tls_cipher_suite_header_name": null,
            "routing_http_request_x_amzn_tls_version_header_name": null,
            "routing_http_response_access_control_allow_credentials_header_value": "",
            "routing_http_response_access_control_allow_headers_header_value": "",
            "routing_http_response_access_control_allow_methods_header_value": "",
            "routing_http_response_access_control_allow_origin_header_value": "",
            "routing_http_response_access_control_expose_headers_header_value": "",
            "routing_http_response_access_control_max_age_header_value": "",
            "routing_http_response_content_security_policy_header_value": "",
            "routing_http_response_server_enabled": true,
            "routing_http_response_strict_transport_security_header_value": "",
            "routing_http_response_x_content_type_options_header_value": "",
            "routing_http_response_x_frame_options_header_value": "",
            "ssl_policy": "",
            "tags": {},
            "tags_all": {},
            "tcp_idle_timeout_seconds": null,
            "timeouts": null
          },
          "sensitive_attributes": [],
          "private": "eyJlMmJmYjczMC1lY2FhLTExZTYtOGY4OC0zNDM2M2JjN2M0YzAiOnsiY3JlYXRlIjozMDAwMDAwMDAwMDAsInVwZGF0ZSI6MzAwMDAwMDAwMDAwfX0=",
          "dependencies": [
            "aws_lb.main",
            "aws_security_group.alb",
            "data.aws_vpc.existing"
          ]
        }
      ]
    },
    {
      "mode": "managed",
      "type": "aws_lb_listener",
      "name": "https",
      "provider": "provider[\"registry.terraform.io/hashicorp/aws\"]",
      "instances": [
        {
          "schema_version": 0,
          "attributes": {
            "alpn_policy": null,
            "arn": "arn:aws:elasticloadbalancing:us-east-1:727706432228:listener/app/cost-reporter-alb/65769574c0a5b028/26a90e2e55e1a171",
            "certificate_arn": "arn:aws:acm:us-east-1:727706432228:certificate/6d7c94c2-b1a8-47b9-a1c8-82a8d46024fe",
            "default_action": [
              {
                "authenticate_cognito": [],
                "authenticate_oidc": [],
                "fixed_response": [],
                "forward": [],
                "order": 1,
                "redirect": [],
                "target_group_arn": "arn:aws:elasticloadbalancing:us-east-1:727706432228:targetgroup/cost-reporter-api-tg/6f2af0f38230052d",
                "type": "forward"
              }
            ],
            "id": "arn:aws:elasticloadbalancing:us-east-1:727706432228:listener/app/cost-reporter-alb/65769574c0a5b028/26a90e2e55e1a171",
            "load_balancer_arn": "arn:aws:elasticloadbalancing:us-east-1:727706432228:loadbalancer/app/cost-reporter-alb/65769574c0a5b028",
            "mutual_authentication": [
              {
                "advertise_trust_store_ca_names": "",
                "ignore_client_certificate_expiry": false,
                "mode": "off",
                "trust_store_arn": ""
              }
            ],
            "port": 443,
            "protocol": "HTTPS",
            "routing_http_request_x_amzn_mtls_clientcert_header_name": "",
            "routing_http_request_x_amzn_mtls_clientcert_issuer_header_name": "",
            "routing_http_request_x_amzn_mtls_clientcert_leaf_header_name": "",
            "routing_http_request_x_amzn_mtls_clientcert_serial_number_header_name": "",
            "routing_http_request_x_amzn_mtls_clientcert_subject_header_name": "",
            "routing_http_request_x_amzn_mtls_clientcert_validity_header_name": "",
            "routing_http_request_x_amzn_tls_cipher_suite_header_name": "",
            "routing_http_request_x_amzn_tls_version_header_name": "",
            "routing_http_response_access_control_allow_credentials_header_value": "",
            "routing_http_response_access_control_allow_headers_header_value": "",
            "routing_http_response_access_control_allow_methods_header_value": "",
            "routing_http_response_access_control_allow_origin_header_value": "",
            "routing_http_response_access_control_expose_headers_header_value": "",
            "routing_http_response_access_control_max_age_header_value": "",
            "routing_http_response_content_security_policy_header_value": "",
            "routing_http_response_server_enabled": true,
            "routing_http_response_strict_transport_security_header_value": "",
            "routing_http_response_x_content_type_options_header_value": "",
            "routing_http_response_x_frame_options_header_value": "",
            "ssl_policy": "ELBSecurityPolicy-TLS-1-2-2017-01",
            "tags": {},
            "tags_all": {},
            "tcp_idle_timeout_seconds": null,
            "timeouts": null
          },
          "sensitive_attributes": [],
          "private": "eyJlMmJmYjczMC1lY2FhLTExZTYtOGY4OC0zNDM2M2JjN2M0YzAiOnsiY3JlYXRlIjozMDAwMDAwMDAwMDAsInVwZGF0ZSI6MzAwMDAwMDAwMDAwfX0=",
          "dependencies": [
            "aws_acm_certificate.main",
            "aws_acm_certificate_validation.main",
            "aws_lb.main",
            "aws_lb_target_group.api_service",
            "aws_route53_record.cert_validation",
            "aws_security_group.alb",
            "data.aws_route53_zone.existing",
            "data.aws_vpc.existing"
          ]
        }
      ]
    },
    {
      "mode": "managed",
      "type": "aws_lb_target_group",
      "name": "api_service",
      "provider": "provider[\"registry.terraform.io/hashicorp/aws\"]",
      "instances": [
        {
          "schema_version": 0,
          "attributes": {
            "arn": "arn:aws:elasticloadbalancing:us-east-1:727706432228:targetgroup/cost-reporter-api-tg/6f2af0f38230052d",
            "arn_suffix": "targetgroup/cost-reporter-api-tg/6f2af0f38230052d",
            "connection_termination": null,
            "deregistration_delay": "300",
            "health_check": [
              {
                "enabled": true,
                "healthy_threshold": 2,
                "interval": 30,
                "matcher": "200",
                "path": "/health",
                "port": "traffic-port",
                "protocol": "HTTP",
                "timeout": 5,
                "unhealthy_threshold": 2
              }
            ],
            "id": "arn:aws:elasticloadbalancing:us-east-1:727706432228:targetgroup/cost-reporter-api-tg/6f2af0f38230052d",
            "ip_address_type": "ipv4",
            "lambda_multi_value_headers_enabled": false,
            "load_balancer_arns": [
              "arn:aws:elasticloadbalancing:us-east-1:727706432228:loadbalancer/app/cost-reporter-alb/65769574c0a5b028"
            ],
            "load_balancing_algorithm_type": "round_robin",
            "load_balancing_anomaly_mitigation": "off",
            "load_balancing_cross_zone_enabled": "use_load_balancer_configuration",
            "name": "cost-reporter-api-tg",
            "name_prefix": "",
            "port": 8000,
            "preserve_client_ip": null,
            "protocol": "HTTP",
            "protocol_version": "HTTP1",
            "proxy_protocol_v2": false,
            "slow_start": 0,
            "stickiness": [
              {
                "cookie_duration": 86400,
                "cookie_name": "",
                "enabled": false,
                "type": "lb_cookie"
              }
            ],
            "tags": {
              "Environment": "prod",
              "ManagedBy": "terraform",
              "Project": "cost-reporter",
              "Repository": "aws-cost-budget-reporterv2"
            },
            "tags_all": {
              "Environment": "prod",
              "ManagedBy": "terraform",
              "Project": "cost-reporter",
              "Repository": "aws-cost-budget-reporterv2"
            },
            "target_failover": [
              {
                "on_deregistration": null,
                "on_unhealthy": null
              }
            ],
            "target_group_health": [
              {
                "dns_failover": [
                  {
                    "minimum_healthy_targets_count": "1",
                    "minimum_healthy_targets_percentage": "off"
                  }
                ],
                "unhealthy_state_routing": [
                  {
                    "minimum_healthy_targets_count": 1,
                    "minimum_healthy_targets_percentage": "off"
                  }
                ]
              }
            ],
            "target_health_state": [
              {
                "enable_unhealthy_connection_termination": null,
                "unhealthy_draining_interval": null
              }
            ],
            "target_type": "ip",
            "vpc_id": "vpc-04c0a089dd691442c"
          },
          "sensitive_attributes": [],
          "private": "bnVsbA==",
          "dependencies": [
            "data.aws_vpc.existing"
          ]
        }
      ]
    },
    {
      "mode": "managed",
      "type": "aws_route53_record",
      "name": "cert_validation",
      "provider": "provider[\"registry.terraform.io/hashicorp/aws\"]",
      "instances": [
        {
          "index_key": "costcollector.selectsolucoes.com",
          "schema_version": 2,
          "attributes": {
            "alias": [],
            "allow_overwrite": true,
            "cidr_routing_policy": [],
            "failover_routing_policy": [],
            "fqdn": "_c54d0846582282aa5850d73f81e8d98d.costcollector.selectsolucoes.com",
            "geolocation_routing_policy": [],
            "geoproximity_routing_policy": [],
            "health_check_id": "",
            "id": "Z0670904HIXZW1U0SHJQ__c54d0846582282aa5850d73f81e8d98d.costcollector.selectsolucoes.com._CNAME",
            "latency_routing_policy": [],
            "multivalue_answer_routing_policy": false,
            "name": "_c54d0846582282aa5850d73f81e8d98d.costcollector.selectsolucoes.com",
            "records": [
              "_6f0912573c10b5511d06f0012fe59b17.xlfgrmvvlj.acm-validations.aws."
            ],
            "set_identifier": "",
            "timeouts": null,
            "ttl": 60,
            "type": "CNAME",
            "weighted_routing_policy": [],
            "zone_id": "Z0670904HIXZW1U0SHJQ"
          },
          "sensitive_attributes": [],
          "private": "eyJlMmJmYjczMC1lY2FhLTExZTYtOGY4OC0zNDM2M2JjN2M0YzAiOnsiY3JlYXRlIjoxODAwMDAwMDAwMDAwLCJkZWxldGUiOjE4MDAwMDAwMDAwMDAsInVwZGF0ZSI6MTgwMDAwMDAwMDAwMH0sInNjaGVtYV92ZXJzaW9uIjoiMiJ9",
          "dependencies": [
            "aws_acm_certificate.main",
            "data.aws_route53_zone.existing"
          ]
        }
      ]
    },
    {
      "mode": "managed",
      "type": "aws_route53_record",
      "name": "main",
      "provider": "provider[\"registry.terraform.io/hashicorp/aws\"]",
      "instances": [
        {
          "schema_version": 2,
          "attributes": {
            "alias": [
              {
                "evaluate_target_health": true,
                "name": "cost-reporter-alb-1432920593.us-east-1.elb.amazonaws.com",
                "zone_id": "Z35SXDOTRQ7X7K"
              }
            ],
            "allow_overwrite": null,
            "cidr_routing_policy": [],
            "failover_routing_policy": [],
            "fqdn": "costcollector.selectsolucoes.com",
            "geolocation_routing_policy": [],
            "geoproximity_routing_policy": [],
            "health_check_id": "",
            "id": "Z0670904HIXZW1U0SHJQ_costcollector.selectsolucoes.com_A",
            "latency_routing_policy": [],
            "multivalue_answer_routing_policy": false,
            "name": "costcollector.selectsolucoes.com",
            "records": null,
            "set_identifier": "",
            "timeouts": null,
            "ttl": 0,
            "type": "A",
            "weighted_routing_policy": [],
            "zone_id": "Z0670904HIXZW1U0SHJQ"
          },
          "sensitive_attributes": [],
          "private": "eyJlMmJmYjczMC1lY2FhLTExZTYtOGY4OC0zNDM2M2JjN2M0YzAiOnsiY3JlYXRlIjoxODAwMDAwMDAwMDAwLCJkZWxldGUiOjE4MDAwMDAwMDAwMDAsInVwZGF0ZSI6MTgwMDAwMDAwMDAwMH0sInNjaGVtYV92ZXJzaW9uIjoiMiJ9",
          "dependencies": [
            "aws_lb.main",
            "aws_security_group.alb",
            "data.aws_route53_zone.existing",
            "data.aws_vpc.existing"
          ]
        }
      ]
    },
    {
      "mode": "managed",
      "type": "aws_s3_bucket",
      "name": "frontend",
      "provider": "provider[\"registry.terraform.io/hashicorp/aws\"]",
      "instances": [
        {
          "schema_version": 0,
          "attributes": {
            "acceleration_status": "",
            "acl": null,
            "arn": "arn:aws:s3:::cost-reporter-frontend-5phlwom2",
            "bucket": "cost-reporter-frontend-5phlwom2",
            "bucket_domain_name": "cost-reporter-frontend-5phlwom2.s3.amazonaws.com",
            "bucket_prefix": "",
            "bucket_regional_domain_name": "cost-reporter-frontend-5phlwom2.s3.us-east-1.amazonaws.com",
            "cors_rule": [],
            "force_destroy": false,
            "grant": [
              {
                "id": "f3d75763d99436cb5ada7c34d7e03d8e4719724a004131961695ba939fae2452",
                "permissions": [
                  "FULL_CONTROL"
                ],
                "type": "CanonicalUser",
                "uri": ""
              }
            ],
            "hosted_zone_id": "Z3AQBSTGFYJSTF",
            "id": "cost-reporter-frontend-5phlwom2",
            "lifecycle_rule": [],
            "logging": [],
            "object_lock_configuration": [],
            "object_lock_enabled": false,
            "policy": "",
            "region": "us-east-1",
            "replication_configuration": [],
            "request_payer": "BucketOwner",
            "server_side_encryption_configuration": [
              {
                "rule": [
                  {
                    "apply_server_side_encryption_by_default": [
                      {
                        "kms_master_key_id": "",
                        "sse_algorithm": "AES256"
                      }
                    ],
                    "bucket_key_enabled": false
                  }
                ]
              }
            ],
            "tags": {
              "Environment": "prod",
              "ManagedBy": "terraform",
              "Project": "cost-reporter",
              "Repository": "aws-cost-budget-reporterv2"
            },
            "tags_all": {
              "Environment": "prod",
              "ManagedBy": "terraform",
              "Project": "cost-reporter",
              "Repository": "aws-cost-budget-reporterv2"
            },
            "timeouts": null,
            "versioning": [
              {
                "enabled": false,
                "mfa_delete": false
              }
            ],
            "website": [
              {
                "error_document": "error.html",
                "index_document": "index.html",
                "redirect_all_requests_to": "",
                "routing_rules": ""
              }
            ],
            "website_domain": "s3-website-us-east-1.amazonaws.com",
            "website_endpoint": "cost-reporter-frontend-5phlwom2.s3-website-us-east-1.amazonaws.com"
          },
          "sensitive_attributes": [],
          "private": "eyJlMmJmYjczMC1lY2FhLTExZTYtOGY4OC0zNDM2M2JjN2M0YzAiOnsiY3JlYXRlIjoxMjAwMDAwMDAwMDAwLCJkZWxldGUiOjM2MDAwMDAwMDAwMDAsInJlYWQiOjEyMDAwMDAwMDAwMDAsInVwZGF0ZSI6MTIwMDAwMDAwMDAwMH19",
          "dependencies": [
            "random_string.bucket_suffix"
          ]
        }
      ]
    },
    {
      "mode": "managed",
      "type": "aws_s3_bucket",
      "name": "reports",
      "provider": "provider[\"registry.terraform.io/hashicorp/aws\"]",
      "instances": [
        {
          "schema_version": 0,
          "attributes": {
            "acceleration_status": "",
            "acl": null,
            "arn": "arn:aws:s3:::cost-reporter-reports-5phlwom2",
            "bucket": "cost-reporter-reports-5phlwom2",
            "bucket_domain_name": "cost-reporter-reports-5phlwom2.s3.amazonaws.com",
            "bucket_prefix": "",
            "bucket_regional_domain_name": "cost-reporter-reports-5phlwom2.s3.us-east-1.amazonaws.com",
            "cors_rule": [],
            "force_destroy": false,
            "grant": [
              {
                "id": "f3d75763d99436cb5ada7c34d7e03d8e4719724a004131961695ba939fae2452",
                "permissions": [
                  "FULL_CONTROL"
                ],
                "type": "CanonicalUser",
                "uri": ""
              }
            ],
            "hosted_zone_id": "Z3AQBSTGFYJSTF",
            "id": "cost-reporter-reports-5phlwom2",
            "lifecycle_rule": [],
            "logging": [],
            "object_lock_configuration": [],
            "object_lock_enabled": false,
            "policy": "",
            "region": "us-east-1",
            "replication_configuration": [],
            "request_payer": "BucketOwner",
            "server_side_encryption_configuration": [
              {
                "rule": [
                  {
                    "apply_server_side_encryption_by_default": [
                      {
                        "kms_master_key_id": "",
                        "sse_algorithm": "AES256"
                      }
                    ],
                    "bucket_key_enabled": false
                  }
                ]
              }
            ],
            "tags": {
              "Environment": "prod",
              "ManagedBy": "terraform",
              "Project": "cost-reporter",
              "Repository": "aws-cost-budget-reporterv2"
            },
            "tags_all": {
              "Environment": "prod",
              "ManagedBy": "terraform",
              "Project": "cost-reporter",
              "Repository": "aws-cost-budget-reporterv2"
            },
            "timeouts": null,
            "versioning": [
              {
                "enabled": true,
                "mfa_delete": false
              }
            ],
            "website": [],
            "website_domain": null,
            "website_endpoint": null
          },
          "sensitive_attributes": [],
          "private": "eyJlMmJmYjczMC1lY2FhLTExZTYtOGY4OC0zNDM2M2JjN2M0YzAiOnsiY3JlYXRlIjoxMjAwMDAwMDAwMDAwLCJkZWxldGUiOjM2MDAwMDAwMDAwMDAsInJlYWQiOjEyMDAwMDAwMDAwMDAsInVwZGF0ZSI6MTIwMDAwMDAwMDAwMH19",
          "dependencies": [
            "random_string.bucket_suffix"
          ]
        }
      ]
    },
    {
      "mode": "managed",
      "type": "aws_s3_bucket_public_access_block",
      "name": "reports",
      "provider": "provider[\"registry.terraform.io/hashicorp/aws\"]",
      "instances": [
        {
          "schema_version": 0,
          "attributes": {
            "block_public_acls": true,
            "block_public_policy": true,
            "bucket": "cost-reporter-reports-5phlwom2",
            "id": "cost-reporter-reports-5phlwom2",
            "ignore_public_acls": true,
            "restrict_public_buckets": true
          },
          "sensitive_attributes": [],
          "private": "bnVsbA==",
          "dependencies": [
            "aws_s3_bucket.reports",
            "random_string.bucket_suffix"
          ]
        }
      ]
    },
    {
      "mode": "managed",
      "type": "aws_s3_bucket_server_side_encryption_configuration",
      "name": "reports",
      "provider": "provider[\"registry.terraform.io/hashicorp/aws\"]",
      "instances": [
        {
          "schema_version": 0,
          "attributes": {
            "bucket": "cost-reporter-reports-5phlwom2",
            "expected_bucket_owner": "",
            "id": "cost-reporter-reports-5phlwom2",
            "rule": [
              {
                "apply_server_side_encryption_by_default": [
                  {
                    "kms_master_key_id": "",
                    "sse_algorithm": "AES256"
                  }
                ],
                "bucket_key_enabled": false
              }
            ]
          },
          "sensitive_attributes": [],
          "private": "bnVsbA==",
          "dependencies": [
            "aws_s3_bucket.reports",
            "random_string.bucket_suffix"
          ]
        }
      ]
    },
    {
      "mode": "managed",
      "type": "aws_s3_bucket_versioning",
      "name": "reports",
      "provider": "provider[\"registry.terraform.io/hashicorp/aws\"]",
      "instances": [
        {
          "schema_version": 0,
          "attributes": {
            "bucket": "cost-reporter-reports-5phlwom2",
            "expected_bucket_owner": "",
            "id": "cost-reporter-reports-5phlwom2",
            "mfa": null,
            "versioning_configuration": [
              {
                "mfa_delete": "",
                "status": "Enabled"
              }
            ]
          },
          "sensitive_attributes": [],
          "private": "bnVsbA==",
          "dependencies": [
            "aws_s3_bucket.reports",
            "random_string.bucket_suffix"
          ]
        }
      ]
    },
    {
      "mode": "managed",
      "type": "aws_s3_bucket_website_configuration",
      "name": "frontend",
      "provider": "provider[\"registry.terraform.io/hashicorp/aws\"]",
      "instances": [
        {
          "schema_version": 0,
          "attributes": {
            "bucket": "cost-reporter-frontend-5phlwom2",
            "error_document": [
              {
                "key": "error.html"
              }
            ],
            "expected_bucket_owner": "",
            "id": "cost-reporter-frontend-5phlwom2",
            "index_document": [
              {
                "suffix": "index.html"
              }
            ],
            "redirect_all_requests_to": [],
            "routing_rule": [],
            "routing_rules": "",
            "website_domain": "s3-website-us-east-1.amazonaws.com",
            "website_endpoint": "cost-reporter-frontend-5phlwom2.s3-website-us-east-1.amazonaws.com"
          },
          "sensitive_attributes": [],
          "private": "bnVsbA==",
          "dependencies": [
            "aws_s3_bucket.frontend",
            "random_string.bucket_suffix"
          ]
        }
      ]
    },
    {
      "mode": "managed",
      "type": "aws_secretsmanager_secret",
      "name": "db_credentials",
      "provider": "provider[\"registry.terraform.io/hashicorp/aws\"]",
      "instances": [
        {
          "schema_version": 0,
          "attributes": {
            "arn": "arn:aws:secretsmanager:us-east-1:727706432228:secret:cost-reporter-db-credentials-ELEopR",
            "description": "Database credentials for Cost Reporter (using existing RDS)",
            "force_overwrite_replica_secret": false,
            "id": "arn:aws:secretsmanager:us-east-1:727706432228:secret:cost-reporter-db-credentials-ELEopR",
            "kms_key_id": "",
            "name": "cost-reporter-db-credentials",
            "name_prefix": "",
            "policy": "",
            "recovery_window_in_days": 30,
            "replica": [],
            "tags": {
              "Environment": "prod",
              "ManagedBy": "terraform",
              "Project": "cost-reporter",
              "Repository": "aws-cost-budget-reporterv2"
            },
            "tags_all": {
              "Environment": "prod",
              "ManagedBy": "terraform",
              "Project": "cost-reporter",
              "Repository": "aws-cost-budget-reporterv2"
            }
          },
          "sensitive_attributes": [],
          "private": "bnVsbA=="
        }
      ]
    },
    {
      "mode": "managed",
      "type": "aws_secretsmanager_secret_version",
      "name": "db_credentials",
      "provider": "provider[\"registry.terraform.io/hashicorp/aws\"]",
      "instances": [
        {
          "schema_version": 0,
          "attributes": {
            "arn": "arn:aws:secretsmanager:us-east-1:727706432228:secret:cost-reporter-db-credentials-ELEopR",
            "has_secret_string_wo": null,
            "id": "arn:aws:secretsmanager:us-east-1:727706432228:secret:cost-reporter-db-credentials-ELEopR|terraform-20250926160628976700000004",
            "secret_binary": "",
            "secret_id": "arn:aws:secretsmanager:us-east-1:727706432228:secret:cost-reporter-db-credentials-ELEopR",
            "secret_string": "{\"database\":\"cost_reporter\",\"host\":\"glpi-database-instance-1.cnhjpcs7r4ar.us-east-1.rds.amazonaws.com:3306\",\"password\":\"GR558AvfoYFz7NTZ1q8n\",\"username\":\"select_admin\"}",
            "secret_string_wo": null,
            "secret_string_wo_version": null,
            "version_id": "terraform-20250926160628976700000004",
            "version_stages": [
              "AWSCURRENT"
            ]
          },
          "sensitive_attributes": [],
          "private": "bnVsbA==",
          "dependencies": [
            "aws_secretsmanager_secret.db_credentials",
            "data.aws_db_instance.existing"
          ]
        }
      ]
    },
    {
      "mode": "managed",
      "type": "aws_security_group",
      "name": "alb",
      "provider": "provider[\"registry.terraform.io/hashicorp/aws\"]",
      "instances": [
        {
          "schema_version": 1,
          "attributes": {
            "arn": "arn:aws:ec2:us-east-1:727706432228:security-group/sg-02bcf2be50be15754",
            "description": "Managed by Terraform",
            "egress": [
              {
                "cidr_blocks": [
                  "0.0.0.0/0"
                ],
                "description": "",
                "from_port": 0,
                "ipv6_cidr_blocks": [],
                "prefix_list_ids": [],
                "protocol": "-1",
                "security_groups": [],
                "self": false,
                "to_port": 0
              }
            ],
            "id": "sg-02bcf2be50be15754",
            "ingress": [
              {
                "cidr_blocks": [
                  "0.0.0.0/0"
                ],
                "description": "HTTP",
                "from_port": 80,
                "ipv6_cidr_blocks": [],
                "prefix_list_ids": [],
                "protocol": "tcp",
                "security_groups": [],
                "self": false,
                "to_port": 80
              },
              {
                "cidr_blocks": [
                  "0.0.0.0/0"
                ],
                "description": "HTTPS",
                "from_port": 443,
                "ipv6_cidr_blocks": [],
                "prefix_list_ids": [],
                "protocol": "tcp",
                "security_groups": [],
                "self": false,
                "to_port": 443
              }
            ],
            "name": "cost-reporter-alb-20250926160628824200000003",
            "name_prefix": "cost-reporter-alb-",
            "owner_id": "727706432228",
            "revoke_rules_on_delete": false,
            "tags": {
              "Environment": "prod",
              "ManagedBy": "terraform",
              "Name": "cost-reporter-alb-sg",
              "Project": "cost-reporter",
              "Repository": "aws-cost-budget-reporterv2"
            },
            "tags_all": {
              "Environment": "prod",
              "ManagedBy": "terraform",
              "Name": "cost-reporter-alb-sg",
              "Project": "cost-reporter",
              "Repository": "aws-cost-budget-reporterv2"
            },
            "timeouts": null,
            "vpc_id": "vpc-04c0a089dd691442c"
          },
          "sensitive_attributes": [],
          "private": "eyJlMmJmYjczMC1lY2FhLTExZTYtOGY4OC0zNDM2M2JjN2M0YzAiOnsiY3JlYXRlIjo2MDAwMDAwMDAwMDAsImRlbGV0ZSI6OTAwMDAwMDAwMDAwfSwic2NoZW1hX3ZlcnNpb24iOiIxIn0=",
          "dependencies": [
            "data.aws_vpc.existing"
          ],
          "create_before_destroy": true
        }
      ]
    },
    {
      "mode": "managed",
      "type": "aws_security_group",
      "name": "ecs",
      "provider": "provider[\"registry.terraform.io/hashicorp/aws\"]",
      "instances": [
        {
          "schema_version": 1,
          "attributes": {
            "arn": "arn:aws:ec2:us-east-1:727706432228:security-group/sg-06e08a241009393f2",
            "description": "Managed by Terraform",
            "egress": [
              {
                "cidr_blocks": [
                  "0.0.0.0/0"
                ],
                "description": "",
                "from_port": 0,
                "ipv6_cidr_blocks": [],
                "prefix_list_ids": [],
                "protocol": "-1",
                "security_groups": [],
                "self": false,
                "to_port": 0
              }
            ],
            "id": "sg-06e08a241009393f2",
            "ingress": [
              {
                "cidr_blocks": [],
                "description": "API from ALB",
                "from_port": 8000,
                "ipv6_cidr_blocks": [],
                "prefix_list_ids": [],
                "protocol": "tcp",
                "security_groups": [
                  "sg-02bcf2be50be15754"
                ],
                "self": false,
                "to_port": 8000
              },
              {
                "cidr_blocks": [],
                "description": "Communication with existing Lambda",
                "from_port": 0,
                "ipv6_cidr_blocks": [],
                "prefix_list_ids": [],
                "protocol": "tcp",
                "security_groups": [
                  "sg-0df74898d34cbea3d"
                ],
                "self": false,
                "to_port": 65535
              },
              {
                "cidr_blocks": [],
                "description": "HTTP from ALB",
                "from_port": 80,
                "ipv6_cidr_blocks": [],
                "prefix_list_ids": [],
                "protocol": "tcp",
                "security_groups": [
                  "sg-02bcf2be50be15754"
                ],
                "self": false,
                "to_port": 80
              }
            ],
            "name": "cost-reporter-ecs-20250926160633643300000006",
            "name_prefix": "cost-reporter-ecs-",
            "owner_id": "727706432228",
            "revoke_rules_on_delete": false,
            "tags": {
              "Environment": "prod",
              "ManagedBy": "terraform",
              "Name": "cost-reporter-ecs-sg",
              "Project": "cost-reporter",
              "Repository": "aws-cost-budget-reporterv2"
            },
            "tags_all": {
              "Environment": "prod",
              "ManagedBy": "terraform",
              "Name": "cost-reporter-ecs-sg",
              "Project": "cost-reporter",
              "Repository": "aws-cost-budget-reporterv2"
            },
            "timeouts": null,
            "vpc_id": "vpc-04c0a089dd691442c"
          },
          "sensitive_attributes": [],
          "private": "eyJlMmJmYjczMC1lY2FhLTExZTYtOGY4OC0zNDM2M2JjN2M0YzAiOnsiY3JlYXRlIjo2MDAwMDAwMDAwMDAsImRlbGV0ZSI6OTAwMDAwMDAwMDAwfSwic2NoZW1hX3ZlcnNpb24iOiIxIn0=",
          "dependencies": [
            "aws_security_group.alb",
            "data.aws_security_group.existing_lambda_sg",
            "data.aws_vpc.existing"
          ],
          "create_before_destroy": true
        }
      ]
    },
    {
      "mode": "managed",
      "type": "aws_security_group_rule",
      "name": "lambda_to_ecs",
      "provider": "provider[\"registry.terraform.io/hashicorp/aws\"]",
      "instances": [
        {
          "schema_version": 2,
          "attributes": {
            "cidr_blocks": null,
            "description": "Allow ECS to communicate with Lambda",
            "from_port": 0,
            "id": "sgrule-2167302482",
            "ipv6_cidr_blocks": null,
            "prefix_list_ids": null,
            "protocol": "tcp",
            "security_group_id": "sg-0df74898d34cbea3d",
            "security_group_rule_id": "sgr-0447d783347ef7d96",
            "self": false,
            "source_security_group_id": "sg-06e08a241009393f2",
            "timeouts": null,
            "to_port": 65535,
            "type": "ingress"
          },
          "sensitive_attributes": [],
          "private": "eyJlMmJmYjczMC1lY2FhLTExZTYtOGY4OC0zNDM2M2JjN2M0YzAiOnsiY3JlYXRlIjozMDAwMDAwMDAwMDB9LCJzY2hlbWFfdmVyc2lvbiI6IjIifQ==",
          "dependencies": [
            "aws_security_group.alb",
            "aws_security_group.ecs",
            "data.aws_security_group.existing_lambda_sg",
            "data.aws_vpc.existing"
          ]
        }
      ]
    },
    {
      "mode": "managed",
      "type": "aws_security_group_rule",
      "name": "rds_from_ecs",
      "provider": "provider[\"registry.terraform.io/hashicorp/aws\"]",
      "instances": [
        {
          "schema_version": 2,
          "attributes": {
            "cidr_blocks": null,
            "description": "Allow ECS to access RDS",
            "from_port": 3306,
            "id": "sgrule-1938783701",
            "ipv6_cidr_blocks": null,
            "prefix_list_ids": null,
            "protocol": "tcp",
            "security_group_id": "sg-0f9080f42c167d95f",
            "security_group_rule_id": "sgr-0b1f6f265f7f0140e",
            "self": false,
            "source_security_group_id": "sg-06e08a241009393f2",
            "timeouts": null,
            "to_port": 3306,
            "type": "ingress"
          },
          "sensitive_attributes": [],
          "private": "eyJlMmJmYjczMC1lY2FhLTExZTYtOGY4OC0zNDM2M2JjN2M0YzAiOnsiY3JlYXRlIjozMDAwMDAwMDAwMDB9LCJzY2hlbWFfdmVyc2lvbiI6IjIifQ==",
          "dependencies": [
            "aws_security_group.alb",
            "aws_security_group.ecs",
            "data.aws_db_instance.existing",
            "data.aws_security_group.existing_lambda_sg",
            "data.aws_vpc.existing"
          ]
        }
      ]
    },
    {
      "mode": "managed",
      "type": "aws_sns_topic",
      "name": "alerts",
      "provider": "provider[\"registry.terraform.io/hashicorp/aws\"]",
      "instances": [
        {
          "schema_version": 0,
          "attributes": {
            "application_failure_feedback_role_arn": "",
            "application_success_feedback_role_arn": "",
            "application_success_feedback_sample_rate": 0,
            "archive_policy": "",
            "arn": "arn:aws:sns:us-east-1:727706432228:cost-reporter-alerts",
            "beginning_archive_time": "",
            "content_based_deduplication": false,
            "delivery_policy": "",
            "display_name": "",
            "fifo_throughput_scope": "",
            "fifo_topic": false,
            "firehose_failure_feedback_role_arn": "",
            "firehose_success_feedback_role_arn": "",
            "firehose_success_feedback_sample_rate": 0,
            "http_failure_feedback_role_arn": "",
            "http_success_feedback_role_arn": "",
            "http_success_feedback_sample_rate": 0,
            "id": "arn:aws:sns:us-east-1:727706432228:cost-reporter-alerts",
            "kms_master_key_id": "",
            "lambda_failure_feedback_role_arn": "",
            "lambda_success_feedback_role_arn": "",
            "lambda_success_feedback_sample_rate": 0,
            "name": "cost-reporter-alerts",
            "name_prefix": "",
            "owner": "727706432228",
            "policy": "{\"Id\":\"__default_policy_ID\",\"Statement\":[{\"Action\":[\"SNS:GetTopicAttributes\",\"SNS:SetTopicAttributes\",\"SNS:AddPermission\",\"SNS:RemovePermission\",\"SNS:DeleteTopic\",\"SNS:Subscribe\",\"SNS:ListSubscriptionsByTopic\",\"SNS:Publish\"],\"Condition\":{\"StringEquals\":{\"AWS:SourceOwner\":\"727706432228\"}},\"Effect\":\"Allow\",\"Principal\":{\"AWS\":\"*\"},\"Resource\":\"arn:aws:sns:us-east-1:727706432228:cost-reporter-alerts\",\"Sid\":\"__default_statement_ID\"}],\"Version\":\"2008-10-17\"}",
            "signature_version": 0,
            "sqs_failure_feedback_role_arn": "",
            "sqs_success_feedback_role_arn": "",
            "sqs_success_feedback_sample_rate": 0,
            "tags": {
              "Environment": "prod",
              "ManagedBy": "terraform",
              "Project": "cost-reporter",
              "Repository": "aws-cost-budget-reporterv2"
            },
            "tags_all": {
              "Environment": "prod",
              "ManagedBy": "terraform",
              "Project": "cost-reporter",
              "Repository": "aws-cost-budget-reporterv2"
            },
            "tracing_config": ""
          },
          "sensitive_attributes": [],
          "private": "bnVsbA=="
        }
      ]
    },
    {
      "mode": "managed",
      "type": "random_string",
      "name": "bucket_suffix",
      "provider": "provider[\"registry.terraform.io/hashicorp/random\"]",
      "instances": [
        {
          "schema_version": 2,
          "attributes": {
            "id": "5phlwom2",
            "keepers": null,
            "length": 8,
            "lower": true,
            "min_lower": 0,
            "min_numeric": 0,
            "min_special": 0,
            "min_upper": 0,
            "number": true,
            "numeric": true,
            "override_special": null,
            "result": "5phlwom2",
            "special": false,
            "upper": false
          },
          "sensitive_attributes": []
        }
      ]
    }
  ],
  "check_results": null
}
